{
  "version": 4,
  "terraform_version": "1.10.4",
  "serial": 107,
  "lineage": "72b31424-36bb-ee96-822c-7fff648434c8",
  "outputs": {},
  "resources": [
    {
      "mode": "data",
      "type": "aws_iam_policy_document",
      "name": "ec2_assume_role",
      "provider": "provider[\"registry.terraform.io/hashicorp/aws\"]",
      "instances": [
        {
          "schema_version": 0,
          "attributes": {
            "id": "2851119427",
            "json": "{\n  \"Version\": \"2012-10-17\",\n  \"Statement\": [\n    {\n      \"Effect\": \"Allow\",\n      \"Action\": \"sts:AssumeRole\",\n      \"Principal\": {\n        \"Service\": \"ec2.amazonaws.com\"\n      }\n    }\n  ]\n}",
            "minified_json": "{\"Version\":\"2012-10-17\",\"Statement\":[{\"Effect\":\"Allow\",\"Action\":\"sts:AssumeRole\",\"Principal\":{\"Service\":\"ec2.amazonaws.com\"}}]}",
            "override_json": null,
            "override_policy_documents": null,
            "policy_id": null,
            "source_json": null,
            "source_policy_documents": null,
            "statement": [
              {
                "actions": [
                  "sts:AssumeRole"
                ],
                "condition": [],
                "effect": "Allow",
                "not_actions": [],
                "not_principals": [],
                "not_resources": [],
                "principals": [
                  {
                    "identifiers": [
                      "ec2.amazonaws.com"
                    ],
                    "type": "Service"
                  }
                ],
                "resources": [],
                "sid": ""
              }
            ],
            "version": "2012-10-17"
          },
          "sensitive_attributes": []
        }
      ]
    },
    {
      "mode": "managed",
      "type": "aws_acm_certificate",
      "name": "cert",
      "provider": "provider[\"registry.terraform.io/hashicorp/aws\"]",
      "instances": [
        {
          "schema_version": 0,
          "attributes": {
            "arn": "arn:aws:acm:ap-northeast-1:866143014755:certificate/b981b998-4a1d-4a5d-b4a0-b0bf0f795c6d",
            "certificate_authority_arn": "",
            "certificate_body": "-----BEGIN CERTIFICATE-----\nMIIDtjCCAp6gAwIBAgIUMKpxjSEUmua+K/zo11STCFeapV0wDQYJKoZIhvcNAQEL\nBQAwczELMAkGA1UEBhMCQ04xDzANBgNVBAcMBkRhTGlhbjEVMBMGA1UECgwMdGVz\ndCBjb21wYW55MR4wHAYDVQQDDBVlbWluLmRlZmF1bHQudGVzdC5jb20xHDAaBgkq\nhkiG9w0BCQEWDWVtaW5AdGVzdC5jb20wHhcNMjUwMTEwMDQ1MTE3WhcNMzUwMTA4\nMDQ1MTE3WjBzMQswCQYDVQQGEwJDTjEPMA0GA1UEBwwGRGFMaWFuMRUwEwYDVQQK\nDAx0ZXN0IGNvbXBhbnkxHjAcBgNVBAMMFWVtaW4uZGVmYXVsdC50ZXN0LmNvbTEc\nMBoGCSqGSIb3DQEJARYNZW1pbkB0ZXN0LmNvbTCCASIwDQYJKoZIhvcNAQEBBQAD\nggEPADCCAQoCggEBAJHyZHa4w5tApIcI4qh3n2A3TJnCpxZeU8lbJhma/BwwAVnx\n0r6Q33BOaIHl2EVm5+7t30z8Lj/FXRVYbWWSu0nxyazCCcvhoIN/tj82PHwvOK+3\nYFxhSmJACgfbYdOpw79JMDvBAjjml1ax41zJsBJyShSxu/LPyYKvLdg68NT8U/im\n4hHSfRyJSojnxNUuU8yI87C4bTQR+EAsuDYagq/gZxnqnv4rHGwL9nVLEaMnXGRj\nuZyq7lcsoRmQOx4v+beu8RX7HqH8go5uXY8x9tBpBy/Uf+iQrJwpejwd/6MYa0Qm\n34cpye4W7GtPVBG1VSRv5vrjp0tfUz9B0FxZwz0CAwEAAaNCMEAwHwYDVR0RBBgw\nFoIKKi50ZXN0LmNvbYIIdGVzdC5jb20wHQYDVR0OBBYEFC1JVFjSHEn+/Tg3bkqZ\nR87CtbCrMA0GCSqGSIb3DQEBCwUAA4IBAQAfVqjAtqQiywclWCCTG1CrhXZdEJ9n\nV6leg9iZ8fHhrz2AJUmPPDwVfsnCB9uO4DO1usiJHXPi2K+HlUHg7iZ3hj2KpgYh\ntaWMNpE2DPvbUDPZ8JBR21yZA6/HlTE7gBqjCoHnxLtivHS5eAi8xlCUofhNFH8d\nJ95dWrT3qlh1z5pPmdGVjC4bh7xiTv/frcttx9gCkmUwT3g6HrxeUNLL1b0vzBcX\nFFyeWpnPKd8/HMwO/+UBl3vtW9sAbSRV8JdpjRJJ9PhERVtap0BC+tZROBqFKCX5\nmGcJnVcAcaHFppI3P8Fh/cE7S8YCbU/Xr/mNDaJs8yI6CTV3/7lbIZ1S\n-----END CERTIFICATE-----",
            "certificate_chain": null,
            "domain_name": "emin.default.test.com",
            "domain_validation_options": [],
            "early_renewal_duration": "",
            "id": "arn:aws:acm:ap-northeast-1:866143014755:certificate/b981b998-4a1d-4a5d-b4a0-b0bf0f795c6d",
            "key_algorithm": "RSA_2048",
            "not_after": "2035-01-08T04:51:17Z",
            "not_before": "2025-01-10T04:51:17Z",
            "options": [
              {
                "certificate_transparency_logging_preference": "DISABLED"
              }
            ],
            "pending_renewal": false,
            "private_key": "-----BEGIN RSA PRIVATE KEY-----\nMIIEogIBAAKCAQEAkfJkdrjDm0CkhwjiqHefYDdMmcKnFl5TyVsmGZr8HDABWfHS\nvpDfcE5ogeXYRWbn7u3fTPwuP8VdFVhtZZK7SfHJrMIJy+Ggg3+2PzY8fC84r7dg\nXGFKYkAKB9th06nDv0kwO8ECOOaXVrHjXMmwEnJKFLG78s/Jgq8t2Drw1PxT+Kbi\nEdJ9HIlKiOfE1S5TzIjzsLhtNBH4QCy4NhqCr+BnGeqe/iscbAv2dUsRoydcZGO5\nnKruVyyhGZA7Hi/5t67xFfseofyCjm5djzH20GkHL9R/6JCsnCl6PB3/oxhrRCbf\nhynJ7hbsa09UEbVVJG/m+uOnS19TP0HQXFnDPQIDAQABAoIBAC7fYlSe0nOyNyUH\nPYRNpuoH2JopYfBVKyOoGnxuwjlrUYPJnp2Feb1f8UCGyQbBHgwmaWkYNOJWSKbq\nV3gfv/bnqJXLW8oXFK4m/ikfCh34LISCqHgC5xjW6GHNm4WXKD7vCoamXkhYBpLZ\nXuQWAm5qNlCfJHW/NkC6ckbX5zD/vNNGW1bK48fIXMVatY5ehyQ8t5iWw9P1k2YR\nuIv195d+8pr+GSbMYLvLCKnTL54F/VLjF2aNjIfvwts2i1boa4HcRM7HNX5SqcyU\nYQnn8YYU+QCdHC+2k0BHFtC5X5hlne7jBVK6Ynu/4vXgZt0kUzZCo5tFOVHDqiok\nuiKzISECgYEAyZ+lmbzRTu6e+uxXIIeisLaYoDMACo4LE4fwq5kCdJZnZpyvb2Wo\nHTvGSyHrv1AZI3yeYDB/etY9OPOxho+/8jLauYsyEaLPwognXWEQ7pDNxgsOFyrW\nDCd7aCRl1KXCrYwN2QJ3a+F5wjTnIarXGYeUUcvfuccxKUgu7Guy568CgYEAuU6/\n6bFElDdNma+Li/blxLfmEBgPapgYg0bQ7/AcMiHC0/+0La/9zAGFisSVmSUojN2l\ngQET9ss4pAym3zSVK0xMsTqoTjf/Niha4RCJluqVVIk2ig6Nikj2kj2qJxN0zPDQ\nGHL9z1SveSazWmwuTr/pkko/6C1TrKrmeAotktMCgYApAzt5SUo+RxW5rueOK2jx\nj0L+m0Ev5HLmVymiji5Mrud7nPWmsEQBJk6Qq+a7dLyYVloU8OiNgRTVB+UdnRIL\nX0LUqTbXFYozZOS0/vClxnjFByynk8QUltdoeLbqCYnPKYULlo/aNvRAh+hYFdtJ\nSyXleZYZwSYD4rYAy2uJ6wKBgHxgkwdz6Cfjhr5kyTFEoqwLEuwyegZ919YlLhAe\nBY7QgkhxFKqluZ+4Vb3yfMax3inOi0uvQYsgk//oTgj67jSFneRHDriRdUcQhw8R\nXohhI6H+BxFa+z2aA4Xcxdw8fuUfrUz7wcfre2vBwhgrDFnnDgsWsxZPdh4rB04C\n5tvpAoGAa/3DYS6Z9Vn0sEI0IKsadW6K8447ucG7MKcJ0SFGFZ316Q8xhfcRCVY+\nm8n24ttZioEbj4yBrjQj8d6O3euTdtXrFW00dYwNpFpA7INDToATVx9XEwGV69OQ\nKoRQrjYg30ybFebyoEpEKg+ed1s9LqjeKhTu40x/XiJkBfmoxYw=\n-----END RSA PRIVATE KEY-----",
            "renewal_eligibility": "INELIGIBLE",
            "renewal_summary": [],
            "status": "ISSUED",
            "subject_alternative_names": [
              "*.test.com",
              "emin.default.test.com",
              "test.com"
            ],
            "tags": {
              "Name": "emin-certificate"
            },
            "tags_all": {
              "Name": "emin-certificate"
            },
            "type": "IMPORTED",
            "validation_emails": [],
            "validation_method": "NONE",
            "validation_option": []
          },
          "sensitive_attributes": [
            [
              {
                "type": "get_attr",
                "value": "private_key"
              }
            ]
          ],
          "private": "bnVsbA==",
          "create_before_destroy": true
        }
      ]
    },
    {
      "mode": "managed",
      "type": "aws_iam_instance_profile",
      "name": "nginx_access_profile",
      "provider": "provider[\"registry.terraform.io/hashicorp/aws\"]",
      "instances": [
        {
          "schema_version": 0,
          "attributes": {
            "arn": "arn:aws:iam::866143014755:instance-profile/nginx.default.dev.emin-test.com",
            "create_date": "2025-01-10T11:56:10Z",
            "id": "nginx.default.dev.emin-test.com",
            "name": "nginx.default.dev.emin-test.com",
            "name_prefix": "",
            "path": "/",
            "role": "nginx.default.dev.emin-test.com",
            "tags": null,
            "tags_all": {},
            "unique_id": "AIPA4TKRFR5R56RQAPUE3"
          },
          "sensitive_attributes": [],
          "private": "bnVsbA==",
          "dependencies": [
            "aws_iam_role.nginx_access_role",
            "data.aws_iam_policy_document.ec2_assume_role"
          ],
          "create_before_destroy": true
        }
      ]
    },
    {
      "mode": "managed",
      "type": "aws_iam_role",
      "name": "nginx_access_role",
      "provider": "provider[\"registry.terraform.io/hashicorp/aws\"]",
      "instances": [
        {
          "schema_version": 0,
          "attributes": {
            "arn": "arn:aws:iam::866143014755:role/nginx.default.dev.emin-test.com",
            "assume_role_policy": "{\"Statement\":[{\"Action\":\"sts:AssumeRole\",\"Effect\":\"Allow\",\"Principal\":{\"Service\":\"ec2.amazonaws.com\"}}],\"Version\":\"2012-10-17\"}",
            "create_date": "2025-01-10T11:56:09Z",
            "description": "",
            "force_detach_policies": false,
            "id": "nginx.default.dev.emin-test.com",
            "inline_policy": [],
            "managed_policy_arns": [],
            "max_session_duration": 3600,
            "name": "nginx.default.dev.emin-test.com",
            "name_prefix": "",
            "path": "/",
            "permissions_boundary": "",
            "tags": null,
            "tags_all": {},
            "unique_id": "AROA4TKRFR5RTPVOFKVIT"
          },
          "sensitive_attributes": [],
          "private": "bnVsbA==",
          "dependencies": [
            "data.aws_iam_policy_document.ec2_assume_role"
          ],
          "create_before_destroy": true
        }
      ]
    },
    {
      "mode": "managed",
      "type": "aws_iam_role_policy",
      "name": "nginx_access_policy",
      "provider": "provider[\"registry.terraform.io/hashicorp/aws\"]",
      "instances": [
        {
          "schema_version": 0,
          "attributes": {
            "id": "nginx.default.dev.emin-test.com:nginx.default.dev.emin-test.com",
            "name": "nginx.default.dev.emin-test.com",
            "name_prefix": "",
            "policy": "{\"Version\":\"2012-10-17\",\"Statement\":[{\"Action\":[\"ec2:DescribeInstances\",\"ec2:DescribeTags\",\"route53:CreateHostedZone\",\"route53:GetHostedZone\",\"route53:ListHostedZones\",\"route53:ListHostedZonesByName\",\"route53:UpdateHostedZoneComment\",\"route53:ListResourceRecordSets\",\"route53:ChangeResourceRecordSets\",\"elasticloadbalancing:DescribeLoadBalancers\",\"elasticloadbalancing:DescribeListeners\",\"elasticloadbalancing:DescribeTargetGroups\",\"elasticloadbalancing:DescribeTargetHealth\"],\"Effect\":\"Allow\",\"Resource\":[\"*\"]}]}",
            "role": "nginx.default.dev.emin-test.com"
          },
          "sensitive_attributes": [],
          "private": "bnVsbA==",
          "dependencies": [
            "aws_iam_role.nginx_access_role",
            "data.aws_iam_policy_document.ec2_assume_role"
          ]
        }
      ]
    },
    {
      "mode": "managed",
      "type": "aws_internet_gateway",
      "name": "gw",
      "provider": "provider[\"registry.terraform.io/hashicorp/aws\"]",
      "instances": [
        {
          "schema_version": 0,
          "attributes": {
            "arn": "arn:aws:ec2:ap-northeast-1:866143014755:internet-gateway/igw-0b9d33fd5aec0ff9c",
            "id": "igw-0b9d33fd5aec0ff9c",
            "owner_id": "866143014755",
            "tags": {
              "Name": "nginx-main-gw"
            },
            "tags_all": {
              "Name": "nginx-main-gw"
            },
            "timeouts": null,
            "vpc_id": "vpc-08a9cbdb17d84aca7"
          },
          "sensitive_attributes": [],
          "private": "eyJlMmJmYjczMC1lY2FhLTExZTYtOGY4OC0zNDM2M2JjN2M0YzAiOnsiY3JlYXRlIjoxMjAwMDAwMDAwMDAwLCJkZWxldGUiOjEyMDAwMDAwMDAwMDAsInVwZGF0ZSI6MTIwMDAwMDAwMDAwMH19",
          "dependencies": [
            "aws_vpc.main_vpc"
          ]
        }
      ]
    },
    {
      "mode": "managed",
      "type": "aws_key_pair",
      "name": "nginx_key",
      "provider": "provider[\"registry.terraform.io/hashicorp/aws\"]",
      "instances": [
        {
          "schema_version": 1,
          "attributes": {
            "arn": "arn:aws:ec2:ap-northeast-1:866143014755:key-pair/nginx-key",
            "fingerprint": "f6:2b:c4:9f:fc:8c:b5:80:ad:7e:e4:33:a8:c4:1b:eb",
            "id": "nginx-key",
            "key_name": "nginx-key",
            "key_name_prefix": "",
            "key_pair_id": "key-06d68961ff5447607",
            "key_type": "rsa",
            "public_key": "ssh-rsa AAAAB3NzaC1yc2EAAAADAQABAAACAQDSOBfOxyXrhiM86t/LT0l/n11TOeDHjAk6v02Od9a2K8SHTVHuzUUZhRKt3v9mtpHcWLR5FW85H2scThu2KXW4XsH/5ptbW+XF8K6eQVS2CjZorb1Y2qc98goYMuDYTG3D70TwjuUAovwfsoDnfLJSMD4y6Wo0oEJ0+iNUDHyls0NFoHUHmbAdIlX8nDm9NCVhRF404Oru4wVvZb0DvjnLCZjXRGzm9pa7HRcmEiDpo/VSAflWCcbesDepIypjj21MAxNi/lE0copVpxUyjjFEY0wQde57RTyf9Fh48aD/OeQ+Yt6bQg45PudU/HLdSvvTNjFRTeORyVGrpMDUAE7Ezkx2UeGJ86YbjPu5Nhd1uVKqSenQBAGgsqUu//lNWosgQsekrOKOQnIc1wGRXQyILK3e5dR2kDs7/1EBC1rL9maeJHQvZ9ZDJ9y7nsYZoBaLfUSNYg4K9i/MYzNzgDTx1n/urNvJpiRB5CncA7bQA6Enoj4PqGrLbirjMVJJJLXg1pXyVwzE5sYNy4hySugd6G8Gn1x8MQi/m+a9IH7Crm/S3NxlvMo+3r8k3o47Z5EBFrVG+74Bkrw40xQmkA8WP2g5UyL9r+TTLEFSUOScnsvT+VdNo1zZ3kx+rCuRJJ6VairVYGYTIduW+97PDXvUCLxBNa3A5DS8uUHTDOcbzQ==",
            "tags": null,
            "tags_all": {}
          },
          "sensitive_attributes": [],
          "private": "eyJzY2hlbWFfdmVyc2lvbiI6IjEifQ==",
          "dependencies": [
            "tls_private_key.nginx"
          ],
          "create_before_destroy": true
        }
      ]
    },
    {
      "mode": "managed",
      "type": "aws_network_acl",
      "name": "nginx_network_acl",
      "provider": "provider[\"registry.terraform.io/hashicorp/aws\"]",
      "instances": [
        {
          "schema_version": 0,
          "attributes": {
            "arn": "arn:aws:ec2:ap-northeast-1:866143014755:network-acl/acl-09a7c472bc1548de5",
            "egress": [
              {
                "action": "allow",
                "cidr_block": "0.0.0.0/0",
                "from_port": 0,
                "icmp_code": null,
                "icmp_type": null,
                "ipv6_cidr_block": "",
                "protocol": "-1",
                "rule_no": 100,
                "to_port": 0
              }
            ],
            "id": "acl-09a7c472bc1548de5",
            "ingress": [
              {
                "action": "allow",
                "cidr_block": "0.0.0.0/0",
                "from_port": 0,
                "icmp_code": null,
                "icmp_type": null,
                "ipv6_cidr_block": "",
                "protocol": "-1",
                "rule_no": 100,
                "to_port": 0
              }
            ],
            "owner_id": "866143014755",
            "subnet_ids": [
              "subnet-037dfab52f22f6a89",
              "subnet-07d02915346e5d4b1"
            ],
            "tags": {
              "Deployment": "nginx",
              "Name": "nginx"
            },
            "tags_all": {
              "Deployment": "nginx",
              "Name": "nginx"
            },
            "vpc_id": "vpc-08a9cbdb17d84aca7"
          },
          "sensitive_attributes": [],
          "private": "bnVsbA==",
          "dependencies": [
            "aws_subnet.private_subnet",
            "aws_subnet.public_subnet",
            "aws_vpc.main_vpc"
          ]
        }
      ]
    },
    {
      "mode": "managed",
      "type": "aws_route_table",
      "name": "public",
      "provider": "provider[\"registry.terraform.io/hashicorp/aws\"]",
      "instances": [
        {
          "schema_version": 0,
          "attributes": {
            "arn": "arn:aws:ec2:ap-northeast-1:866143014755:route-table/rtb-0e81c533dccd7ff0c",
            "id": "rtb-0e81c533dccd7ff0c",
            "owner_id": "866143014755",
            "propagating_vgws": [],
            "route": [
              {
                "carrier_gateway_id": "",
                "cidr_block": "0.0.0.0/0",
                "core_network_arn": "",
                "destination_prefix_list_id": "",
                "egress_only_gateway_id": "",
                "gateway_id": "igw-0b9d33fd5aec0ff9c",
                "ipv6_cidr_block": "",
                "local_gateway_id": "",
                "nat_gateway_id": "",
                "network_interface_id": "",
                "transit_gateway_id": "",
                "vpc_endpoint_id": "",
                "vpc_peering_connection_id": ""
              }
            ],
            "tags": {
              "Name": "public-rt"
            },
            "tags_all": {
              "Name": "public-rt"
            },
            "timeouts": null,
            "vpc_id": "vpc-08a9cbdb17d84aca7"
          },
          "sensitive_attributes": [],
          "private": "eyJlMmJmYjczMC1lY2FhLTExZTYtOGY4OC0zNDM2M2JjN2M0YzAiOnsiY3JlYXRlIjozMDAwMDAwMDAwMDAsImRlbGV0ZSI6MzAwMDAwMDAwMDAwLCJ1cGRhdGUiOjEyMDAwMDAwMDAwMH19",
          "dependencies": [
            "aws_internet_gateway.gw",
            "aws_vpc.main_vpc"
          ]
        }
      ]
    },
    {
      "mode": "managed",
      "type": "aws_route_table_association",
      "name": "rt",
      "provider": "provider[\"registry.terraform.io/hashicorp/aws\"]",
      "instances": [
        {
          "schema_version": 0,
          "attributes": {
            "gateway_id": "",
            "id": "rtbassoc-0e45b0d3f2bfd4b3c",
            "route_table_id": "rtb-0e81c533dccd7ff0c",
            "subnet_id": "subnet-037dfab52f22f6a89",
            "timeouts": null
          },
          "sensitive_attributes": [],
          "private": "eyJlMmJmYjczMC1lY2FhLTExZTYtOGY4OC0zNDM2M2JjN2M0YzAiOnsiY3JlYXRlIjozMDAwMDAwMDAwMDAsImRlbGV0ZSI6MzAwMDAwMDAwMDAwLCJ1cGRhdGUiOjEyMDAwMDAwMDAwMH19",
          "dependencies": [
            "aws_internet_gateway.gw",
            "aws_route_table.public",
            "aws_subnet.public_subnet",
            "aws_vpc.main_vpc"
          ]
        }
      ]
    },
    {
      "mode": "managed",
      "type": "aws_subnet",
      "name": "private_subnet",
      "provider": "provider[\"registry.terraform.io/hashicorp/aws\"]",
      "instances": [
        {
          "schema_version": 1,
          "attributes": {
            "arn": "arn:aws:ec2:ap-northeast-1:866143014755:subnet/subnet-07d02915346e5d4b1",
            "assign_ipv6_address_on_creation": false,
            "availability_zone": "ap-northeast-1a",
            "availability_zone_id": "apne1-az4",
            "cidr_block": "10.0.200.0/24",
            "customer_owned_ipv4_pool": "",
            "enable_dns64": false,
            "enable_lni_at_device_index": 0,
            "enable_resource_name_dns_a_record_on_launch": false,
            "enable_resource_name_dns_aaaa_record_on_launch": false,
            "id": "subnet-07d02915346e5d4b1",
            "ipv6_cidr_block": "",
            "ipv6_cidr_block_association_id": "",
            "ipv6_native": false,
            "map_customer_owned_ip_on_launch": false,
            "map_public_ip_on_launch": false,
            "outpost_arn": "",
            "owner_id": "866143014755",
            "private_dns_hostname_type_on_launch": "ip-name",
            "tags": {
              "Name": "nginx-private-subnet",
              "Owner": "emin"
            },
            "tags_all": {
              "Name": "nginx-private-subnet",
              "Owner": "emin"
            },
            "timeouts": null,
            "vpc_id": "vpc-08a9cbdb17d84aca7"
          },
          "sensitive_attributes": [],
          "private": "eyJlMmJmYjczMC1lY2FhLTExZTYtOGY4OC0zNDM2M2JjN2M0YzAiOnsiY3JlYXRlIjo2MDAwMDAwMDAwMDAsImRlbGV0ZSI6MTIwMDAwMDAwMDAwMH0sInNjaGVtYV92ZXJzaW9uIjoiMSJ9",
          "dependencies": [
            "aws_vpc.main_vpc"
          ],
          "create_before_destroy": true
        }
      ]
    },
    {
      "mode": "managed",
      "type": "aws_subnet",
      "name": "public_subnet",
      "provider": "provider[\"registry.terraform.io/hashicorp/aws\"]",
      "instances": [
        {
          "schema_version": 1,
          "attributes": {
            "arn": "arn:aws:ec2:ap-northeast-1:866143014755:subnet/subnet-037dfab52f22f6a89",
            "assign_ipv6_address_on_creation": false,
            "availability_zone": "ap-northeast-1a",
            "availability_zone_id": "apne1-az4",
            "cidr_block": "10.0.100.0/24",
            "customer_owned_ipv4_pool": "",
            "enable_dns64": false,
            "enable_lni_at_device_index": 0,
            "enable_resource_name_dns_a_record_on_launch": false,
            "enable_resource_name_dns_aaaa_record_on_launch": false,
            "id": "subnet-037dfab52f22f6a89",
            "ipv6_cidr_block": "",
            "ipv6_cidr_block_association_id": "",
            "ipv6_native": false,
            "map_customer_owned_ip_on_launch": false,
            "map_public_ip_on_launch": true,
            "outpost_arn": "",
            "owner_id": "866143014755",
            "private_dns_hostname_type_on_launch": "ip-name",
            "tags": {
              "Name": "nginx-public-subnet",
              "Owner": "emin"
            },
            "tags_all": {
              "Name": "nginx-public-subnet",
              "Owner": "emin"
            },
            "timeouts": null,
            "vpc_id": "vpc-08a9cbdb17d84aca7"
          },
          "sensitive_attributes": [],
          "private": "eyJlMmJmYjczMC1lY2FhLTExZTYtOGY4OC0zNDM2M2JjN2M0YzAiOnsiY3JlYXRlIjo2MDAwMDAwMDAwMDAsImRlbGV0ZSI6MTIwMDAwMDAwMDAwMH0sInNjaGVtYV92ZXJzaW9uIjoiMSJ9",
          "dependencies": [
            "aws_vpc.main_vpc"
          ],
          "create_before_destroy": true
        }
      ]
    },
    {
      "mode": "managed",
      "type": "aws_vpc",
      "name": "main_vpc",
      "provider": "provider[\"registry.terraform.io/hashicorp/aws\"]",
      "instances": [
        {
          "schema_version": 1,
          "attributes": {
            "arn": "arn:aws:ec2:ap-northeast-1:866143014755:vpc/vpc-08a9cbdb17d84aca7",
            "assign_generated_ipv6_cidr_block": false,
            "cidr_block": "10.0.0.0/16",
            "default_network_acl_id": "acl-076d28d53783bd618",
            "default_route_table_id": "rtb-02a1fbee7334f96af",
            "default_security_group_id": "sg-0ef1686d864ee0cf4",
            "dhcp_options_id": "dopt-7c86bf1b",
            "enable_dns_hostnames": true,
            "enable_dns_support": true,
            "enable_network_address_usage_metrics": false,
            "id": "vpc-08a9cbdb17d84aca7",
            "instance_tenancy": "default",
            "ipv4_ipam_pool_id": null,
            "ipv4_netmask_length": null,
            "ipv6_association_id": "",
            "ipv6_cidr_block": "",
            "ipv6_cidr_block_network_border_group": "",
            "ipv6_ipam_pool_id": "",
            "ipv6_netmask_length": 0,
            "main_route_table_id": "rtb-02a1fbee7334f96af",
            "owner_id": "866143014755",
            "tags": {
              "Name": "emin-vpc",
              "Owner": "emin"
            },
            "tags_all": {
              "Name": "emin-vpc",
              "Owner": "emin"
            }
          },
          "sensitive_attributes": [],
          "private": "eyJzY2hlbWFfdmVyc2lvbiI6IjEifQ==",
          "create_before_destroy": true
        }
      ]
    },
    {
      "mode": "managed",
      "type": "tls_private_key",
      "name": "nginx",
      "provider": "provider[\"registry.terraform.io/hashicorp/tls\"]",
      "instances": [
        {
          "schema_version": 1,
          "attributes": {
            "algorithm": "RSA",
            "ecdsa_curve": "P224",
            "id": "ea41412b6af1d4436ee546b2939ef79e7ce0bbd4",
            "private_key_openssh": "-----BEGIN OPENSSH PRIVATE KEY-----\nb3BlbnNzaC1rZXktdjEAAAAABG5vbmUAAAAEbm9uZQAAAAAAAAABAAACFwAAAAdz\nc2gtcnNhAAAAAwEAAQAAAgEA0jgXzscl64YjPOrfy09Jf59dUzngx4wJOr9NjnfW\ntivEh01R7s1FGYUSrd7/ZraR3Fi0eRVvOR9rHE4btil1uF7B/+abW1vlxfCunkFU\ntgo2aK29WNqnPfIKGDLg2Extw+9E8I7lAKL8H7KA53yyUjA+MulqNKBCdPojVAx8\npbNDRaB1B5mwHSJV/Jw5vTQlYUReNODq7uMFb2W9A745ywmY10Rs5vaWux0XJhIg\n6aP1UgH5VgnG3rA3qSMqY49tTAMTYv5RNHKKVacVMo4xRGNMEHXue0U8n/RYePGg\n/znkPmLem0IOOT7nVPxy3Ur70zYxUU3jkclRq6TA1ABOxM5MdlHhifOmG4z7uTYX\ndblSqknp0AQBoLKlLv/5TVqLIELHpKzijkJyHNcBkV0MiCyt3uXUdpA7O/9RAQta\ny/ZmniR0L2fWQyfcu57GGaAWi31EjWIOCvYvzGMzc4A08dZ/7qzbyaYkQeQp3AO2\n0AOhJ6I+D6hqy24q4zFSSSS14NaV8lcMxObGDcuIckroHehvBp9cfDEIv5vmvSB+\nwq5v0tzcZbzKPt6/JN6OO2eRARa1Rvu+AZK8ONMUJpAPFj9oOVMi/a/k0yxBUlDk\nnJ7L0/lXTaNc2d5MfqwrkSSelWoq1WBmEyHblvvezw171Ai8QTWtwOQ0vLlB0wzn\nG80AAAc4y9ID2MvSA9gAAAAHc3NoLXJzYQAAAgEA0jgXzscl64YjPOrfy09Jf59d\nUzngx4wJOr9NjnfWtivEh01R7s1FGYUSrd7/ZraR3Fi0eRVvOR9rHE4btil1uF7B\n/+abW1vlxfCunkFUtgo2aK29WNqnPfIKGDLg2Extw+9E8I7lAKL8H7KA53yyUjA+\nMulqNKBCdPojVAx8pbNDRaB1B5mwHSJV/Jw5vTQlYUReNODq7uMFb2W9A745ywmY\n10Rs5vaWux0XJhIg6aP1UgH5VgnG3rA3qSMqY49tTAMTYv5RNHKKVacVMo4xRGNM\nEHXue0U8n/RYePGg/znkPmLem0IOOT7nVPxy3Ur70zYxUU3jkclRq6TA1ABOxM5M\ndlHhifOmG4z7uTYXdblSqknp0AQBoLKlLv/5TVqLIELHpKzijkJyHNcBkV0MiCyt\n3uXUdpA7O/9RAQtay/ZmniR0L2fWQyfcu57GGaAWi31EjWIOCvYvzGMzc4A08dZ/\n7qzbyaYkQeQp3AO20AOhJ6I+D6hqy24q4zFSSSS14NaV8lcMxObGDcuIckroHehv\nBp9cfDEIv5vmvSB+wq5v0tzcZbzKPt6/JN6OO2eRARa1Rvu+AZK8ONMUJpAPFj9o\nOVMi/a/k0yxBUlDknJ7L0/lXTaNc2d5MfqwrkSSelWoq1WBmEyHblvvezw171Ai8\nQTWtwOQ0vLlB0wznG80AAAADAQABAAACAChgtdH11obCoQoWYx3+ALQOvDI8L7yk\nXTF3hUIUKp2bEoiahV5E9zzLnqbe6lekQaf9Mc0AHPjv2/b32cLHe+EJ8mFgvf5y\nTFQUwrWK/uZoV8MLfA8REIaJcv7q5t0k8QBteORrzfitVZgRBUlxXh8DPS8yPkAV\neC5XzWlbbKW3JPi+tTvcfUNbUQDQURbSaUuhgibN/NIdsPGQrRmG9DrXgQ/4CKLk\nQld2YvfhC4lVAM3bqzSndBdZ6ZcHNiEhb3DmNlcRWi+kwIVrLlsjjLsCB54xyLjM\nt7RRjpzMbIwZZonFG9TefzTnrC9avgVbXbtX8WkYeNmLvbAmWRNfa8FwMn+/hhQd\nYc/X2vQ6obhrfIsK4+kYR52Gh9YvBKngak/EjsWJIIaY0Kru43E2xtsBxUTkQ/Qs\nSIos3AQnBt1TDezlvjn9a5pOeFNyZNjENcOBfAHIbBozgugG8LVOlez9I4AfpNzw\nyibX9W/ddvroWcHkI71zll0IAHEr0N0fqs++QpWjIF8ipWmAWNgL3gJXe82tYvZB\nbM67m4JvG/Skn96yT/TNvI+O0s5SXwZ7iwST3shvGIVZ9G5IweKt8GcQGSJcnlIR\njTMLbkhHS4P6aDdTmMyoQyp7u2JhPwewGm3/NmQ5jYHxvp9shlVkYNrUc/mqvSBx\nLwdTKBgjJUNRAAABAQDSYnLQ7UAFd1eQktVEUzzeQxd0WwJ1CEYdzCoqw5GEZ5VD\nBltI/iUF4dzrfV8RDrZB3W5IXbIMXwMmwKy+wB0WIkCRqYA4/VqmJUT24j5ClZa2\nXJWtjGUtW1ttETjDsWKrjfO7auqBRF3fwXX004vLt1DdOykO9KmruBwzRxvjkQtG\nRaDzkHaqVWv8HvNfde1ck/o9iV3ilpbzA2CXzCW7yH4wZf6KbK8p11qtRuLspRnx\n2ULv215WEcXo+nrKLiV6RP4HzdcGg9fnrnddpu0uPP//gzs3C4/J7CnxIHXEKAEP\nprTXCG+2aQZkqg0OEw45dtc0S/B/rMtMWUSSkf7VAAABAQDXfRWhxJJDOfA+vkvG\n09wDWOZEtIw5r1T58RspQHzC1kKmTNgsHbhJMTxiDch89quQCcQhjqyxx2ZAi/7i\noePS8c39ypPY/b2JoARoKC4Lb4pxE4ZngvEyqCYnWlA14FLjuPBV/LlMuTtn4D1G\nob2ulW8rhFHPWwJ2OU+HAG9GmqkcmSEebBNkUNwzsnduD/BgbbuzfP2Kw6KbkroE\n0UWPNMoN+tv6kNZ7meh8jnyOi80OxrTTJh6qeHS/pXR2h4uVGRgPBW22tBQ55Mnc\no1yYksJe45wmep5BE9VM/jZFwdPcNg1JBep1g2PudL9CWVmG6aJFC3LIa6TTQoor\n+5u7AAABAQD5vWaqoDAnuEkLem+uGxvXjXDlGN/5Kb+ENOrIGlUBDCXKEFqeazJb\nX4zCbY88fpnQINZSiCi3EN3Z+fHouNF8I9+dHz3Fj2VxmvVOsJDbX4Ft0XWFXWlU\nTjo/k0FnOXWkl7R+TgJ8lBz5zP/jvurPn2bVdkW2Ktxxm/nAPfuygWbi26ExBYSg\nOEL3NWRv4OsfGs/maOXKPpovtUMTQBTnf0xx2NoYbLYq971LW2gUSsCz/pcVIcLO\nXCpOKWY0zKqf5IPSyOgTPId0fXwOqAGsVIdl5iTRFPAQnX1Eyr42l8/rapV+kfQj\nWBgkznyUv70vcTR7hLYa0fMqlbXRb3oXAAAAAAEC\n-----END OPENSSH PRIVATE KEY-----\n",
            "private_key_pem": "-----BEGIN RSA PRIVATE KEY-----\nMIIJKQIBAAKCAgEA0jgXzscl64YjPOrfy09Jf59dUzngx4wJOr9NjnfWtivEh01R\n7s1FGYUSrd7/ZraR3Fi0eRVvOR9rHE4btil1uF7B/+abW1vlxfCunkFUtgo2aK29\nWNqnPfIKGDLg2Extw+9E8I7lAKL8H7KA53yyUjA+MulqNKBCdPojVAx8pbNDRaB1\nB5mwHSJV/Jw5vTQlYUReNODq7uMFb2W9A745ywmY10Rs5vaWux0XJhIg6aP1UgH5\nVgnG3rA3qSMqY49tTAMTYv5RNHKKVacVMo4xRGNMEHXue0U8n/RYePGg/znkPmLe\nm0IOOT7nVPxy3Ur70zYxUU3jkclRq6TA1ABOxM5MdlHhifOmG4z7uTYXdblSqknp\n0AQBoLKlLv/5TVqLIELHpKzijkJyHNcBkV0MiCyt3uXUdpA7O/9RAQtay/ZmniR0\nL2fWQyfcu57GGaAWi31EjWIOCvYvzGMzc4A08dZ/7qzbyaYkQeQp3AO20AOhJ6I+\nD6hqy24q4zFSSSS14NaV8lcMxObGDcuIckroHehvBp9cfDEIv5vmvSB+wq5v0tzc\nZbzKPt6/JN6OO2eRARa1Rvu+AZK8ONMUJpAPFj9oOVMi/a/k0yxBUlDknJ7L0/lX\nTaNc2d5MfqwrkSSelWoq1WBmEyHblvvezw171Ai8QTWtwOQ0vLlB0wznG80CAwEA\nAQKCAgAoYLXR9daGwqEKFmMd/gC0DrwyPC+8pF0xd4VCFCqdmxKImoVeRPc8y56m\n3upXpEGn/THNABz479v299nCx3vhCfJhYL3+ckxUFMK1iv7maFfDC3wPERCGiXL+\n6ubdJPEAbXjka834rVWYEQVJcV4fAz0vMj5AFXguV81pW2yltyT4vrU73H1DW1EA\n0FEW0mlLoYImzfzSHbDxkK0ZhvQ614EP+Aii5EJXdmL34QuJVQDN26s0p3QXWemX\nBzYhIW9w5jZXEVovpMCFay5bI4y7AgeeMci4zLe0UY6czGyMGWaJxRvU3n8056wv\nWr4FW127V/FpGHjZi72wJlkTX2vBcDJ/v4YUHWHP19r0OqG4a3yLCuPpGEedhofW\nLwSp4GpPxI7FiSCGmNCq7uNxNsbbAcVE5EP0LEiKLNwEJwbdUw3s5b45/WuaTnhT\ncmTYxDXDgXwByGwaM4LoBvC1TpXs/SOAH6Tc8Mom1/Vv3Xb66FnB5CO9c5ZdCABx\nK9DdH6rPvkKVoyBfIqVpgFjYC94CV3vNrWL2QWzOu5uCbxv0pJ/esk/0zbyPjtLO\nUl8Ge4sEk97IbxiFWfRuSMHirfBnEBkiXJ5SEY0zC25IR0uD+mg3U5jMqEMqe7ti\nYT8HsBpt/zZkOY2B8b6fbIZVZGDa1HP5qr0gcS8HUygYIyVDUQKCAQEA130VocSS\nQznwPr5LxtPcA1jmRLSMOa9U+fEbKUB8wtZCpkzYLB24STE8Yg3IfParkAnEIY6s\nscdmQIv+4qHj0vHN/cqT2P29iaAEaCguC2+KcROGZ4LxMqgmJ1pQNeBS47jwVfy5\nTLk7Z+A9RqG9rpVvK4RRz1sCdjlPhwBvRpqpHJkhHmwTZFDcM7J3bg/wYG27s3z9\nisOim5K6BNFFjzTKDfrb+pDWe5nofI58jovNDsa00yYeqnh0v6V0doeLlRkYDwVt\ntrQUOeTJ3KNcmJLCXuOcJnqeQRPVTP42RcHT3DYNSQXqdYNj7nS/QllZhumiRQty\nyGuk00KKK/ubuwKCAQEA+b1mqqAwJ7hJC3pvrhsb141w5Rjf+Sm/hDTqyBpVAQwl\nyhBanmsyW1+Mwm2PPH6Z0CDWUogotxDd2fnx6LjRfCPfnR89xY9lcZr1TrCQ21+B\nbdF1hV1pVE46P5NBZzl1pJe0fk4CfJQc+cz/477qz59m1XZFtirccZv5wD37soFm\n4tuhMQWEoDhC9zVkb+DrHxrP5mjlyj6aL7VDE0AU539McdjaGGy2Kve9S1toFErA\ns/6XFSHCzlwqTilmNMyqn+SD0sjoEzyHdH18DqgBrFSHZeYk0RTwEJ19RMq+NpfP\n62qVfpH0I1gYJM58lL+9L3E0e4S2GtHzKpW10W96FwKCAQAbOZp6DbPM+oz34GMC\ng9HQOnMdSxJMV3KNAYFE/PjGRPu2tw64xCh8VtQiL0udPiz+zb0R4EzBSUgJ76YM\nTBfUluhHoEh9qdFAig8Eec8Xcsgy8RySB2Eh3Uy0vBxWMjlGvB7hPkTLBLwUq6gS\nPG0SmZ6qCNWtNPpipWr+y3dDnFaxXkdo6I6qpeysO2gLZ8ge5r5INwpxdbYdobQO\n18HKDglZKtCQH6x5gUB2PCpQeCk4LLK72p0VPJLDg8vrDcT82WbIvw7VfnrvtZAr\naBhSznfwNSGNWwCTiEXyrEt/FLYHpGyZRT4SCr+daPKhF1jQSsRNpNyjpbX1WvrK\nA8fxAoIBAQCPr2MEREmwcJzGF9ltaHdqWxxbEya5qkVgATobitrhUWXkjeg1QSOl\n4qGPs403lvdUAbCNp30VZoTdxqph5QPR0qnzMmhN5CTPagI9FeUh8h77Wgmtg4L4\nWFG3BjgY9bwzyHy2NpfDqUvKhSGsnMloTyPRKM0O9DYEv2LAMmk/2KejWg2xsKUP\nsY8FwBhbLiLYsIpw3GVpKP9492byCmp8joci8Ur5xoJA0mx8kMie9CtO4+l05Qm5\nxNkqQzNkqWR5vfYCLkkn2Clu4kuf+xWLWs7T18fS66L7TEEodSVfL5UWsynzunGm\nbCbn9k1DH9XvF8jEUCSd5bFsDNqg9uxdAoIBAQDSYnLQ7UAFd1eQktVEUzzeQxd0\nWwJ1CEYdzCoqw5GEZ5VDBltI/iUF4dzrfV8RDrZB3W5IXbIMXwMmwKy+wB0WIkCR\nqYA4/VqmJUT24j5ClZa2XJWtjGUtW1ttETjDsWKrjfO7auqBRF3fwXX004vLt1Dd\nOykO9KmruBwzRxvjkQtGRaDzkHaqVWv8HvNfde1ck/o9iV3ilpbzA2CXzCW7yH4w\nZf6KbK8p11qtRuLspRnx2ULv215WEcXo+nrKLiV6RP4HzdcGg9fnrnddpu0uPP//\ngzs3C4/J7CnxIHXEKAEPprTXCG+2aQZkqg0OEw45dtc0S/B/rMtMWUSSkf7V\n-----END RSA PRIVATE KEY-----\n",
            "private_key_pem_pkcs8": "-----BEGIN PRIVATE KEY-----\nMIIJQwIBADANBgkqhkiG9w0BAQEFAASCCS0wggkpAgEAAoICAQDSOBfOxyXrhiM8\n6t/LT0l/n11TOeDHjAk6v02Od9a2K8SHTVHuzUUZhRKt3v9mtpHcWLR5FW85H2sc\nThu2KXW4XsH/5ptbW+XF8K6eQVS2CjZorb1Y2qc98goYMuDYTG3D70TwjuUAovwf\nsoDnfLJSMD4y6Wo0oEJ0+iNUDHyls0NFoHUHmbAdIlX8nDm9NCVhRF404Oru4wVv\nZb0DvjnLCZjXRGzm9pa7HRcmEiDpo/VSAflWCcbesDepIypjj21MAxNi/lE0copV\npxUyjjFEY0wQde57RTyf9Fh48aD/OeQ+Yt6bQg45PudU/HLdSvvTNjFRTeORyVGr\npMDUAE7Ezkx2UeGJ86YbjPu5Nhd1uVKqSenQBAGgsqUu//lNWosgQsekrOKOQnIc\n1wGRXQyILK3e5dR2kDs7/1EBC1rL9maeJHQvZ9ZDJ9y7nsYZoBaLfUSNYg4K9i/M\nYzNzgDTx1n/urNvJpiRB5CncA7bQA6Enoj4PqGrLbirjMVJJJLXg1pXyVwzE5sYN\ny4hySugd6G8Gn1x8MQi/m+a9IH7Crm/S3NxlvMo+3r8k3o47Z5EBFrVG+74Bkrw4\n0xQmkA8WP2g5UyL9r+TTLEFSUOScnsvT+VdNo1zZ3kx+rCuRJJ6VairVYGYTIduW\n+97PDXvUCLxBNa3A5DS8uUHTDOcbzQIDAQABAoICAChgtdH11obCoQoWYx3+ALQO\nvDI8L7ykXTF3hUIUKp2bEoiahV5E9zzLnqbe6lekQaf9Mc0AHPjv2/b32cLHe+EJ\n8mFgvf5yTFQUwrWK/uZoV8MLfA8REIaJcv7q5t0k8QBteORrzfitVZgRBUlxXh8D\nPS8yPkAVeC5XzWlbbKW3JPi+tTvcfUNbUQDQURbSaUuhgibN/NIdsPGQrRmG9DrX\ngQ/4CKLkQld2YvfhC4lVAM3bqzSndBdZ6ZcHNiEhb3DmNlcRWi+kwIVrLlsjjLsC\nB54xyLjMt7RRjpzMbIwZZonFG9TefzTnrC9avgVbXbtX8WkYeNmLvbAmWRNfa8Fw\nMn+/hhQdYc/X2vQ6obhrfIsK4+kYR52Gh9YvBKngak/EjsWJIIaY0Kru43E2xtsB\nxUTkQ/QsSIos3AQnBt1TDezlvjn9a5pOeFNyZNjENcOBfAHIbBozgugG8LVOlez9\nI4AfpNzwyibX9W/ddvroWcHkI71zll0IAHEr0N0fqs++QpWjIF8ipWmAWNgL3gJX\ne82tYvZBbM67m4JvG/Skn96yT/TNvI+O0s5SXwZ7iwST3shvGIVZ9G5IweKt8GcQ\nGSJcnlIRjTMLbkhHS4P6aDdTmMyoQyp7u2JhPwewGm3/NmQ5jYHxvp9shlVkYNrU\nc/mqvSBxLwdTKBgjJUNRAoIBAQDXfRWhxJJDOfA+vkvG09wDWOZEtIw5r1T58Rsp\nQHzC1kKmTNgsHbhJMTxiDch89quQCcQhjqyxx2ZAi/7ioePS8c39ypPY/b2JoARo\nKC4Lb4pxE4ZngvEyqCYnWlA14FLjuPBV/LlMuTtn4D1Gob2ulW8rhFHPWwJ2OU+H\nAG9GmqkcmSEebBNkUNwzsnduD/BgbbuzfP2Kw6KbkroE0UWPNMoN+tv6kNZ7meh8\njnyOi80OxrTTJh6qeHS/pXR2h4uVGRgPBW22tBQ55Mnco1yYksJe45wmep5BE9VM\n/jZFwdPcNg1JBep1g2PudL9CWVmG6aJFC3LIa6TTQoor+5u7AoIBAQD5vWaqoDAn\nuEkLem+uGxvXjXDlGN/5Kb+ENOrIGlUBDCXKEFqeazJbX4zCbY88fpnQINZSiCi3\nEN3Z+fHouNF8I9+dHz3Fj2VxmvVOsJDbX4Ft0XWFXWlUTjo/k0FnOXWkl7R+TgJ8\nlBz5zP/jvurPn2bVdkW2Ktxxm/nAPfuygWbi26ExBYSgOEL3NWRv4OsfGs/maOXK\nPpovtUMTQBTnf0xx2NoYbLYq971LW2gUSsCz/pcVIcLOXCpOKWY0zKqf5IPSyOgT\nPId0fXwOqAGsVIdl5iTRFPAQnX1Eyr42l8/rapV+kfQjWBgkznyUv70vcTR7hLYa\n0fMqlbXRb3oXAoIBABs5mnoNs8z6jPfgYwKD0dA6cx1LEkxXco0BgUT8+MZE+7a3\nDrjEKHxW1CIvS50+LP7NvRHgTMFJSAnvpgxMF9SW6EegSH2p0UCKDwR5zxdyyDLx\nHJIHYSHdTLS8HFYyOUa8HuE+RMsEvBSrqBI8bRKZnqoI1a00+mKlav7Ld0OcVrFe\nR2jojqql7Kw7aAtnyB7mvkg3CnF1th2htA7XwcoOCVkq0JAfrHmBQHY8KlB4KTgs\nsrvanRU8ksODy+sNxPzZZsi/DtV+eu+1kCtoGFLOd/A1IY1bAJOIRfKsS38Utgek\nbJlFPhIKv51o8qEXWNBKxE2k3KOltfVa+soDx/ECggEBAI+vYwRESbBwnMYX2W1o\nd2pbHFsTJrmqRWABOhuK2uFRZeSN6DVBI6XioY+zjTeW91QBsI2nfRVmhN3GqmHl\nA9HSqfMyaE3kJM9qAj0V5SHyHvtaCa2DgvhYUbcGOBj1vDPIfLY2l8OpS8qFIayc\nyWhPI9EozQ70NgS/YsAyaT/Yp6NaDbGwpQ+xjwXAGFsuItiwinDcZWko/3j3ZvIK\nanyOhyLxSvnGgkDSbHyQyJ70K07j6XTlCbnE2SpDM2SpZHm99gIuSSfYKW7iS5/7\nFYtaztPXx9LrovtMQSh1JV8vlRazKfO6caZsJuf2TUMf1e8XyMRQJJ3lsWwM2qD2\n7F0CggEBANJictDtQAV3V5CS1URTPN5DF3RbAnUIRh3MKirDkYRnlUMGW0j+JQXh\n3Ot9XxEOtkHdbkhdsgxfAybArL7AHRYiQJGpgDj9WqYlRPbiPkKVlrZcla2MZS1b\nW20ROMOxYquN87tq6oFEXd/BdfTTi8u3UN07KQ70qau4HDNHG+ORC0ZFoPOQdqpV\na/we81917VyT+j2JXeKWlvMDYJfMJbvIfjBl/opsrynXWq1G4uylGfHZQu/bXlYR\nxej6esouJXpE/gfN1waD1+eud12m7S48//+DOzcLj8nsKfEgdcQoAQ+mtNcIb7Zp\nBmSqDQ4TDjl21zRL8H+sy0xZRJKR/tU=\n-----END PRIVATE KEY-----\n",
            "public_key_fingerprint_md5": "cd:84:c2:3a:98:d4:ec:79:2f:ba:08:ab:ad:60:ee:20",
            "public_key_fingerprint_sha256": "SHA256:rNj6eo0X2g+5e0T0LbOrNbQolS+dmZT8r/BUS0tF0qI",
            "public_key_openssh": "ssh-rsa AAAAB3NzaC1yc2EAAAADAQABAAACAQDSOBfOxyXrhiM86t/LT0l/n11TOeDHjAk6v02Od9a2K8SHTVHuzUUZhRKt3v9mtpHcWLR5FW85H2scThu2KXW4XsH/5ptbW+XF8K6eQVS2CjZorb1Y2qc98goYMuDYTG3D70TwjuUAovwfsoDnfLJSMD4y6Wo0oEJ0+iNUDHyls0NFoHUHmbAdIlX8nDm9NCVhRF404Oru4wVvZb0DvjnLCZjXRGzm9pa7HRcmEiDpo/VSAflWCcbesDepIypjj21MAxNi/lE0copVpxUyjjFEY0wQde57RTyf9Fh48aD/OeQ+Yt6bQg45PudU/HLdSvvTNjFRTeORyVGrpMDUAE7Ezkx2UeGJ86YbjPu5Nhd1uVKqSenQBAGgsqUu//lNWosgQsekrOKOQnIc1wGRXQyILK3e5dR2kDs7/1EBC1rL9maeJHQvZ9ZDJ9y7nsYZoBaLfUSNYg4K9i/MYzNzgDTx1n/urNvJpiRB5CncA7bQA6Enoj4PqGrLbirjMVJJJLXg1pXyVwzE5sYNy4hySugd6G8Gn1x8MQi/m+a9IH7Crm/S3NxlvMo+3r8k3o47Z5EBFrVG+74Bkrw40xQmkA8WP2g5UyL9r+TTLEFSUOScnsvT+VdNo1zZ3kx+rCuRJJ6VairVYGYTIduW+97PDXvUCLxBNa3A5DS8uUHTDOcbzQ==\n",
            "public_key_pem": "-----BEGIN PUBLIC KEY-----\nMIICIjANBgkqhkiG9w0BAQEFAAOCAg8AMIICCgKCAgEA0jgXzscl64YjPOrfy09J\nf59dUzngx4wJOr9NjnfWtivEh01R7s1FGYUSrd7/ZraR3Fi0eRVvOR9rHE4btil1\nuF7B/+abW1vlxfCunkFUtgo2aK29WNqnPfIKGDLg2Extw+9E8I7lAKL8H7KA53yy\nUjA+MulqNKBCdPojVAx8pbNDRaB1B5mwHSJV/Jw5vTQlYUReNODq7uMFb2W9A745\nywmY10Rs5vaWux0XJhIg6aP1UgH5VgnG3rA3qSMqY49tTAMTYv5RNHKKVacVMo4x\nRGNMEHXue0U8n/RYePGg/znkPmLem0IOOT7nVPxy3Ur70zYxUU3jkclRq6TA1ABO\nxM5MdlHhifOmG4z7uTYXdblSqknp0AQBoLKlLv/5TVqLIELHpKzijkJyHNcBkV0M\niCyt3uXUdpA7O/9RAQtay/ZmniR0L2fWQyfcu57GGaAWi31EjWIOCvYvzGMzc4A0\n8dZ/7qzbyaYkQeQp3AO20AOhJ6I+D6hqy24q4zFSSSS14NaV8lcMxObGDcuIckro\nHehvBp9cfDEIv5vmvSB+wq5v0tzcZbzKPt6/JN6OO2eRARa1Rvu+AZK8ONMUJpAP\nFj9oOVMi/a/k0yxBUlDknJ7L0/lXTaNc2d5MfqwrkSSelWoq1WBmEyHblvvezw17\n1Ai8QTWtwOQ0vLlB0wznG80CAwEAAQ==\n-----END PUBLIC KEY-----\n",
            "rsa_bits": 4096
          },
          "sensitive_attributes": [
            [
              {
                "type": "get_attr",
                "value": "private_key_openssh"
              }
            ],
            [
              {
                "type": "get_attr",
                "value": "private_key_pem"
              }
            ],
            [
              {
                "type": "get_attr",
                "value": "private_key_pem_pkcs8"
              }
            ]
          ],
          "create_before_destroy": true
        }
      ]
    },
    {
      "module": "module.windows[0]",
      "mode": "data",
      "type": "aws_availability_zones",
      "name": "available",
      "provider": "provider[\"registry.terraform.io/hashicorp/aws\"]",
      "instances": [
        {
          "schema_version": 0,
          "attributes": {
            "all_availability_zones": null,
            "exclude_names": null,
            "exclude_zone_ids": null,
            "filter": null,
            "group_names": [
              "ap-northeast-1"
            ],
            "id": "ap-northeast-1",
            "names": [
              "ap-northeast-1a",
              "ap-northeast-1c",
              "ap-northeast-1d"
            ],
            "state": null,
            "timeouts": null,
            "zone_ids": [
              "apne1-az4",
              "apne1-az1",
              "apne1-az2"
            ]
          },
          "sensitive_attributes": []
        }
      ]
    },
    {
      "module": "module.windows[0]",
      "mode": "data",
      "type": "template_file",
      "name": "windows_user_data",
      "provider": "provider[\"registry.terraform.io/hashicorp/template\"]",
      "instances": [
        {
          "schema_version": 0,
          "attributes": {
            "filename": null,
            "id": "4b0301f0f73d73a249756f0a4afa29486a70f8f6c93c8da94e61a3e0f1cc5e44",
            "rendered": "#!/bin/bash\r\n ",
            "template": "#!/bin/bash\r\n ",
            "vars": null
          },
          "sensitive_attributes": []
        }
      ]
    },
    {
      "module": "module.windows[0]",
      "mode": "managed",
      "type": "aws_elb",
      "name": "nginx",
      "provider": "provider[\"registry.terraform.io/hashicorp/aws\"]",
      "instances": [
        {
          "schema_version": 0,
          "attributes": {
            "access_logs": [],
            "arn": "arn:aws:elasticloadbalancing:ap-northeast-1:866143014755:loadbalancer/nginx-alb",
            "availability_zones": [
              "ap-northeast-1a"
            ],
            "connection_draining": false,
            "connection_draining_timeout": 300,
            "cross_zone_load_balancing": true,
            "desync_mitigation_mode": "defensive",
            "dns_name": "nginx-alb-1051647874.ap-northeast-1.elb.amazonaws.com",
            "health_check": [
              {
                "healthy_threshold": 2,
                "interval": 30,
                "target": "HTTPS:443/",
                "timeout": 3,
                "unhealthy_threshold": 2
              }
            ],
            "id": "nginx-alb",
            "idle_timeout": 60,
            "instances": [
              "i-01e5784d742c1a9c6"
            ],
            "internal": false,
            "listener": [
              {
                "instance_port": 443,
                "instance_protocol": "https",
                "lb_port": 443,
                "lb_protocol": "https",
                "ssl_certificate_id": "arn:aws:acm:ap-northeast-1:866143014755:certificate/b981b998-4a1d-4a5d-b4a0-b0bf0f795c6d"
              }
            ],
            "name": "nginx-alb",
            "name_prefix": "",
            "security_groups": [
              "sg-0e0758b6411191839"
            ],
            "source_security_group": "866143014755/terraform-20250110115621732400000001",
            "source_security_group_id": "sg-0e0758b6411191839",
            "subnets": [
              "subnet-037dfab52f22f6a89"
            ],
            "tags": {
              "Name": "nginx.default.dev.emin-test.com"
            },
            "tags_all": {
              "Name": "nginx.default.dev.emin-test.com"
            },
            "timeouts": null,
            "zone_id": "Z14GRHDCWA56QT"
          },
          "sensitive_attributes": [],
          "private": "eyJlMmJmYjczMC1lY2FhLTExZTYtOGY4OC0zNDM2M2JjN2M0YzAiOnsiY3JlYXRlIjozMDAwMDAwMDAwMDAsInVwZGF0ZSI6MzAwMDAwMDAwMDAwfX0=",
          "dependencies": [
            "aws_acm_certificate.cert",
            "aws_iam_instance_profile.nginx_access_profile",
            "aws_iam_role.nginx_access_role",
            "aws_subnet.private_subnet",
            "aws_subnet.public_subnet",
            "aws_vpc.main_vpc",
            "data.aws_iam_policy_document.ec2_assume_role",
            "module.windows.aws_instance.ec2",
            "module.windows.aws_security_group.nginx",
            "module.windows.data.template_file.windows_user_data"
          ]
        }
      ]
    },
    {
      "module": "module.windows[0]",
      "mode": "managed",
      "type": "aws_instance",
      "name": "ec2",
      "provider": "provider[\"registry.terraform.io/hashicorp/aws\"]",
      "instances": [
        {
          "schema_version": 1,
          "attributes": {
            "ami": "ami-0033bee6df7f8d4f2",
            "arn": "arn:aws:ec2:ap-northeast-1:866143014755:instance/i-01e5784d742c1a9c6",
            "associate_public_ip_address": false,
            "availability_zone": "ap-northeast-1a",
            "capacity_reservation_specification": [
              {
                "capacity_reservation_preference": "open",
                "capacity_reservation_target": []
              }
            ],
            "cpu_core_count": 2,
            "cpu_options": [
              {
                "amd_sev_snp": "",
                "core_count": 2,
                "threads_per_core": 1
              }
            ],
            "cpu_threads_per_core": 1,
            "credit_specification": [
              {
                "cpu_credits": "standard"
              }
            ],
            "disable_api_stop": false,
            "disable_api_termination": false,
            "ebs_block_device": [],
            "ebs_optimized": true,
            "enable_primary_ipv6": null,
            "enclave_options": [
              {
                "enabled": false
              }
            ],
            "ephemeral_block_device": [],
            "get_password_data": false,
            "hibernation": false,
            "host_id": "",
            "host_resource_group_arn": null,
            "iam_instance_profile": "nginx.default.dev.emin-test.com",
            "id": "i-01e5784d742c1a9c6",
            "instance_initiated_shutdown_behavior": "stop",
            "instance_lifecycle": "",
            "instance_market_options": [],
            "instance_state": "running",
            "instance_type": "t2.medium",
            "ipv6_address_count": 0,
            "ipv6_addresses": [],
            "key_name": "",
            "launch_template": [],
            "maintenance_options": [
              {
                "auto_recovery": "default"
              }
            ],
            "metadata_options": [
              {
                "http_endpoint": "enabled",
                "http_protocol_ipv6": "disabled",
                "http_put_response_hop_limit": 1,
                "http_tokens": "required",
                "instance_metadata_tags": "disabled"
              }
            ],
            "monitoring": false,
            "network_interface": [],
            "outpost_arn": "",
            "password_data": "",
            "placement_group": "",
            "placement_partition_number": 0,
            "primary_network_interface_id": "eni-02809f1a427f46c95",
            "private_dns": "ip-10-0-200-217.ap-northeast-1.compute.internal",
            "private_dns_name_options": [
              {
                "enable_resource_name_dns_a_record": false,
                "enable_resource_name_dns_aaaa_record": false,
                "hostname_type": "ip-name"
              }
            ],
            "private_ip": "10.0.200.217",
            "public_dns": "",
            "public_ip": "",
            "root_block_device": [
              {
                "delete_on_termination": true,
                "device_name": "/dev/sda1",
                "encrypted": false,
                "iops": 180,
                "kms_key_id": "",
                "tags": null,
                "tags_all": {},
                "throughput": 0,
                "volume_id": "vol-02879218707cba619",
                "volume_size": 60,
                "volume_type": "gp2"
              }
            ],
            "secondary_private_ips": [],
            "security_groups": [],
            "source_dest_check": true,
            "spot_instance_request_id": "",
            "subnet_id": "subnet-07d02915346e5d4b1",
            "tags": {
              "Name": "nginx-windows-ec2",
              "platform": "windows",
              "propagate_at_launch": "true"
            },
            "tags_all": {
              "Name": "nginx-windows-ec2",
              "platform": "windows",
              "propagate_at_launch": "true"
            },
            "tenancy": "default",
            "timeouts": null,
            "user_data": "3b1be30e42520f1dba4a866b65ba4204ae2d0a3d",
            "user_data_base64": null,
            "user_data_replace_on_change": false,
            "volume_tags": null,
            "vpc_security_group_ids": [
              "sg-0e0758b6411191839"
            ]
          },
          "sensitive_attributes": [],
          "private": "eyJlMmJmYjczMC1lY2FhLTExZTYtOGY4OC0zNDM2M2JjN2M0YzAiOnsiY3JlYXRlIjo2MDAwMDAwMDAwMDAsImRlbGV0ZSI6MTIwMDAwMDAwMDAwMCwicmVhZCI6OTAwMDAwMDAwMDAwLCJ1cGRhdGUiOjYwMDAwMDAwMDAwMH0sInNjaGVtYV92ZXJzaW9uIjoiMSJ9",
          "dependencies": [
            "aws_iam_instance_profile.nginx_access_profile",
            "aws_iam_role.nginx_access_role",
            "aws_subnet.private_subnet",
            "aws_vpc.main_vpc",
            "data.aws_iam_policy_document.ec2_assume_role",
            "module.windows.aws_security_group.nginx",
            "module.windows.data.template_file.windows_user_data"
          ]
        }
      ]
    },
    {
      "module": "module.windows[0]",
      "mode": "managed",
      "type": "aws_proxy_protocol_policy",
      "name": "proxy-policy",
      "provider": "provider[\"registry.terraform.io/hashicorp/aws\"]",
      "instances": [
        {
          "schema_version": 0,
          "attributes": {
            "id": "nginx-alb:TFEnableProxyProtocol",
            "instance_ports": [
              "443"
            ],
            "load_balancer": "nginx-alb"
          },
          "sensitive_attributes": [],
          "private": "bnVsbA==",
          "dependencies": [
            "aws_acm_certificate.cert",
            "aws_iam_instance_profile.nginx_access_profile",
            "aws_iam_role.nginx_access_role",
            "aws_subnet.private_subnet",
            "aws_subnet.public_subnet",
            "aws_vpc.main_vpc",
            "data.aws_iam_policy_document.ec2_assume_role",
            "module.windows.aws_elb.nginx",
            "module.windows.aws_instance.ec2",
            "module.windows.aws_security_group.nginx",
            "module.windows.data.template_file.windows_user_data"
          ]
        }
      ]
    },
    {
      "module": "module.windows[0]",
      "mode": "managed",
      "type": "aws_security_group",
      "name": "nginx",
      "provider": "provider[\"registry.terraform.io/hashicorp/aws\"]",
      "instances": [
        {
          "schema_version": 1,
          "attributes": {
            "arn": "arn:aws:ec2:ap-northeast-1:866143014755:security-group/sg-0e0758b6411191839",
            "description": "Managed by Terraform",
            "egress": [
              {
                "cidr_blocks": [
                  "0.0.0.0/0"
                ],
                "description": "",
                "from_port": 0,
                "ipv6_cidr_blocks": [],
                "prefix_list_ids": [],
                "protocol": "-1",
                "security_groups": [],
                "self": false,
                "to_port": 0
              }
            ],
            "id": "sg-0e0758b6411191839",
            "ingress": [
              {
                "cidr_blocks": [
                  "0.0.0.0/0"
                ],
                "description": "",
                "from_port": 0,
                "ipv6_cidr_blocks": [],
                "prefix_list_ids": [],
                "protocol": "-1",
                "security_groups": [],
                "self": false,
                "to_port": 0
              }
            ],
            "name": "terraform-20250110115621732400000001",
            "name_prefix": "terraform-",
            "owner_id": "866143014755",
            "revoke_rules_on_delete": false,
            "tags": {
              "Deployment": "nginx",
              "Name": "nginx.default.dev.emin-test.com"
            },
            "tags_all": {
              "Deployment": "nginx",
              "Name": "nginx.default.dev.emin-test.com"
            },
            "timeouts": null,
            "vpc_id": "vpc-08a9cbdb17d84aca7"
          },
          "sensitive_attributes": [],
          "private": "eyJlMmJmYjczMC1lY2FhLTExZTYtOGY4OC0zNDM2M2JjN2M0YzAiOnsiY3JlYXRlIjo2MDAwMDAwMDAwMDAsImRlbGV0ZSI6OTAwMDAwMDAwMDAwfSwic2NoZW1hX3ZlcnNpb24iOiIxIn0=",
          "dependencies": [
            "aws_vpc.main_vpc"
          ]
        }
      ]
    },
    {
      "module": "module.windows[0]",
      "mode": "managed",
      "type": "aws_subnet",
      "name": "nginx",
      "provider": "provider[\"registry.terraform.io/hashicorp/aws\"]",
      "instances": [
        {
          "index_key": 0,
          "schema_version": 1,
          "attributes": {
            "arn": "arn:aws:ec2:ap-northeast-1:866143014755:subnet/subnet-09e16548ea2827f4a",
            "assign_ipv6_address_on_creation": false,
            "availability_zone": "ap-northeast-1a",
            "availability_zone_id": "apne1-az4",
            "cidr_block": "10.0.3.0/24",
            "customer_owned_ipv4_pool": "",
            "enable_dns64": false,
            "enable_lni_at_device_index": 0,
            "enable_resource_name_dns_a_record_on_launch": false,
            "enable_resource_name_dns_aaaa_record_on_launch": false,
            "id": "subnet-09e16548ea2827f4a",
            "ipv6_cidr_block": "",
            "ipv6_cidr_block_association_id": "",
            "ipv6_native": false,
            "map_customer_owned_ip_on_launch": false,
            "map_public_ip_on_launch": true,
            "outpost_arn": "",
            "owner_id": "866143014755",
            "private_dns_hostname_type_on_launch": "ip-name",
            "tags": {
              "Deployment": "nginx",
              "Name": "nginx-subnet-0"
            },
            "tags_all": {
              "Deployment": "nginx",
              "Name": "nginx-subnet-0"
            },
            "timeouts": null,
            "vpc_id": "vpc-08a9cbdb17d84aca7"
          },
          "sensitive_attributes": [],
          "private": "eyJlMmJmYjczMC1lY2FhLTExZTYtOGY4OC0zNDM2M2JjN2M0YzAiOnsiY3JlYXRlIjo2MDAwMDAwMDAwMDAsImRlbGV0ZSI6MTIwMDAwMDAwMDAwMH0sInNjaGVtYV92ZXJzaW9uIjoiMSJ9",
          "dependencies": [
            "aws_vpc.main_vpc",
            "module.windows.data.aws_availability_zones.available"
          ]
        },
        {
          "index_key": 1,
          "schema_version": 1,
          "attributes": {
            "arn": "arn:aws:ec2:ap-northeast-1:866143014755:subnet/subnet-0c6c9a25576208773",
            "assign_ipv6_address_on_creation": false,
            "availability_zone": "ap-northeast-1c",
            "availability_zone_id": "apne1-az1",
            "cidr_block": "10.0.4.0/24",
            "customer_owned_ipv4_pool": "",
            "enable_dns64": false,
            "enable_lni_at_device_index": 0,
            "enable_resource_name_dns_a_record_on_launch": false,
            "enable_resource_name_dns_aaaa_record_on_launch": false,
            "id": "subnet-0c6c9a25576208773",
            "ipv6_cidr_block": "",
            "ipv6_cidr_block_association_id": "",
            "ipv6_native": false,
            "map_customer_owned_ip_on_launch": false,
            "map_public_ip_on_launch": false,
            "outpost_arn": "",
            "owner_id": "866143014755",
            "private_dns_hostname_type_on_launch": "ip-name",
            "tags": {
              "Deployment": "nginx",
              "Name": "nginx-subnet-1"
            },
            "tags_all": {
              "Deployment": "nginx",
              "Name": "nginx-subnet-1"
            },
            "timeouts": null,
            "vpc_id": "vpc-08a9cbdb17d84aca7"
          },
          "sensitive_attributes": [],
          "private": "eyJlMmJmYjczMC1lY2FhLTExZTYtOGY4OC0zNDM2M2JjN2M0YzAiOnsiY3JlYXRlIjo2MDAwMDAwMDAwMDAsImRlbGV0ZSI6MTIwMDAwMDAwMDAwMH0sInNjaGVtYV92ZXJzaW9uIjoiMSJ9",
          "dependencies": [
            "aws_vpc.main_vpc",
            "module.windows.data.aws_availability_zones.available"
          ]
        },
        {
          "index_key": 2,
          "schema_version": 1,
          "attributes": {
            "arn": "arn:aws:ec2:ap-northeast-1:866143014755:subnet/subnet-0d1237e89f6954d93",
            "assign_ipv6_address_on_creation": false,
            "availability_zone": "ap-northeast-1d",
            "availability_zone_id": "apne1-az2",
            "cidr_block": "10.0.5.0/24",
            "customer_owned_ipv4_pool": "",
            "enable_dns64": false,
            "enable_lni_at_device_index": 0,
            "enable_resource_name_dns_a_record_on_launch": false,
            "enable_resource_name_dns_aaaa_record_on_launch": false,
            "id": "subnet-0d1237e89f6954d93",
            "ipv6_cidr_block": "",
            "ipv6_cidr_block_association_id": "",
            "ipv6_native": false,
            "map_customer_owned_ip_on_launch": false,
            "map_public_ip_on_launch": false,
            "outpost_arn": "",
            "owner_id": "866143014755",
            "private_dns_hostname_type_on_launch": "ip-name",
            "tags": {
              "Deployment": "nginx",
              "Name": "nginx-subnet-2"
            },
            "tags_all": {
              "Deployment": "nginx",
              "Name": "nginx-subnet-2"
            },
            "timeouts": null,
            "vpc_id": "vpc-08a9cbdb17d84aca7"
          },
          "sensitive_attributes": [],
          "private": "eyJlMmJmYjczMC1lY2FhLTExZTYtOGY4OC0zNDM2M2JjN2M0YzAiOnsiY3JlYXRlIjo2MDAwMDAwMDAwMDAsImRlbGV0ZSI6MTIwMDAwMDAwMDAwMH0sInNjaGVtYV92ZXJzaW9uIjoiMSJ9",
          "dependencies": [
            "aws_vpc.main_vpc",
            "module.windows.data.aws_availability_zones.available"
          ]
        }
      ]
    }
  ],
  "check_results": null
}
