{
  "version": 4,
  "terraform_version": "1.10.4",
  "serial": 26,
  "lineage": "1d2634d1-5919-2ce9-42d8-457933d06656",
  "outputs": {},
  "resources": [
    {
      "mode": "data",
      "type": "aws_iam_policy_document",
      "name": "ec2_assume_role",
      "provider": "provider[\"registry.terraform.io/hashicorp/aws\"]",
      "instances": [
        {
          "schema_version": 0,
          "attributes": {
            "id": "2851119427",
            "json": "{\n  \"Version\": \"2012-10-17\",\n  \"Statement\": [\n    {\n      \"Effect\": \"Allow\",\n      \"Action\": \"sts:AssumeRole\",\n      \"Principal\": {\n        \"Service\": \"ec2.amazonaws.com\"\n      }\n    }\n  ]\n}",
            "minified_json": "{\"Version\":\"2012-10-17\",\"Statement\":[{\"Effect\":\"Allow\",\"Action\":\"sts:AssumeRole\",\"Principal\":{\"Service\":\"ec2.amazonaws.com\"}}]}",
            "override_json": null,
            "override_policy_documents": null,
            "policy_id": null,
            "source_json": null,
            "source_policy_documents": null,
            "statement": [
              {
                "actions": [
                  "sts:AssumeRole"
                ],
                "condition": [],
                "effect": "Allow",
                "not_actions": [],
                "not_principals": [],
                "not_resources": [],
                "principals": [
                  {
                    "identifiers": [
                      "ec2.amazonaws.com"
                    ],
                    "type": "Service"
                  }
                ],
                "resources": [],
                "sid": ""
              }
            ],
            "version": "2012-10-17"
          },
          "sensitive_attributes": []
        }
      ]
    },
    {
      "mode": "managed",
      "type": "aws_acm_certificate",
      "name": "cert",
      "provider": "provider[\"registry.terraform.io/hashicorp/aws\"]",
      "instances": [
        {
          "schema_version": 0,
          "attributes": {
            "arn": "arn:aws:acm:ap-northeast-1:866143014755:certificate/ef9ceb42-d07b-4918-8a46-b7a365e22584",
            "certificate_authority_arn": "",
            "certificate_body": "-----BEGIN CERTIFICATE-----\nMIIDtjCCAp6gAwIBAgIUMKpxjSEUmua+K/zo11STCFeapV0wDQYJKoZIhvcNAQEL\nBQAwczELMAkGA1UEBhMCQ04xDzANBgNVBAcMBkRhTGlhbjEVMBMGA1UECgwMdGVz\ndCBjb21wYW55MR4wHAYDVQQDDBVlbWluLmRlZmF1bHQudGVzdC5jb20xHDAaBgkq\nhkiG9w0BCQEWDWVtaW5AdGVzdC5jb20wHhcNMjUwMTEwMDQ1MTE3WhcNMzUwMTA4\nMDQ1MTE3WjBzMQswCQYDVQQGEwJDTjEPMA0GA1UEBwwGRGFMaWFuMRUwEwYDVQQK\nDAx0ZXN0IGNvbXBhbnkxHjAcBgNVBAMMFWVtaW4uZGVmYXVsdC50ZXN0LmNvbTEc\nMBoGCSqGSIb3DQEJARYNZW1pbkB0ZXN0LmNvbTCCASIwDQYJKoZIhvcNAQEBBQAD\nggEPADCCAQoCggEBAJHyZHa4w5tApIcI4qh3n2A3TJnCpxZeU8lbJhma/BwwAVnx\n0r6Q33BOaIHl2EVm5+7t30z8Lj/FXRVYbWWSu0nxyazCCcvhoIN/tj82PHwvOK+3\nYFxhSmJACgfbYdOpw79JMDvBAjjml1ax41zJsBJyShSxu/LPyYKvLdg68NT8U/im\n4hHSfRyJSojnxNUuU8yI87C4bTQR+EAsuDYagq/gZxnqnv4rHGwL9nVLEaMnXGRj\nuZyq7lcsoRmQOx4v+beu8RX7HqH8go5uXY8x9tBpBy/Uf+iQrJwpejwd/6MYa0Qm\n34cpye4W7GtPVBG1VSRv5vrjp0tfUz9B0FxZwz0CAwEAAaNCMEAwHwYDVR0RBBgw\nFoIKKi50ZXN0LmNvbYIIdGVzdC5jb20wHQYDVR0OBBYEFC1JVFjSHEn+/Tg3bkqZ\nR87CtbCrMA0GCSqGSIb3DQEBCwUAA4IBAQAfVqjAtqQiywclWCCTG1CrhXZdEJ9n\nV6leg9iZ8fHhrz2AJUmPPDwVfsnCB9uO4DO1usiJHXPi2K+HlUHg7iZ3hj2KpgYh\ntaWMNpE2DPvbUDPZ8JBR21yZA6/HlTE7gBqjCoHnxLtivHS5eAi8xlCUofhNFH8d\nJ95dWrT3qlh1z5pPmdGVjC4bh7xiTv/frcttx9gCkmUwT3g6HrxeUNLL1b0vzBcX\nFFyeWpnPKd8/HMwO/+UBl3vtW9sAbSRV8JdpjRJJ9PhERVtap0BC+tZROBqFKCX5\nmGcJnVcAcaHFppI3P8Fh/cE7S8YCbU/Xr/mNDaJs8yI6CTV3/7lbIZ1S\n-----END CERTIFICATE-----",
            "certificate_chain": null,
            "domain_name": "emin.default.test.com",
            "domain_validation_options": [],
            "early_renewal_duration": "",
            "id": "arn:aws:acm:ap-northeast-1:866143014755:certificate/ef9ceb42-d07b-4918-8a46-b7a365e22584",
            "key_algorithm": "RSA_2048",
            "not_after": "2035-01-08T04:51:17Z",
            "not_before": "2025-01-10T04:51:17Z",
            "options": [
              {
                "certificate_transparency_logging_preference": "DISABLED"
              }
            ],
            "pending_renewal": false,
            "private_key": "-----BEGIN RSA PRIVATE KEY-----\nMIIEogIBAAKCAQEAkfJkdrjDm0CkhwjiqHefYDdMmcKnFl5TyVsmGZr8HDABWfHS\nvpDfcE5ogeXYRWbn7u3fTPwuP8VdFVhtZZK7SfHJrMIJy+Ggg3+2PzY8fC84r7dg\nXGFKYkAKB9th06nDv0kwO8ECOOaXVrHjXMmwEnJKFLG78s/Jgq8t2Drw1PxT+Kbi\nEdJ9HIlKiOfE1S5TzIjzsLhtNBH4QCy4NhqCr+BnGeqe/iscbAv2dUsRoydcZGO5\nnKruVyyhGZA7Hi/5t67xFfseofyCjm5djzH20GkHL9R/6JCsnCl6PB3/oxhrRCbf\nhynJ7hbsa09UEbVVJG/m+uOnS19TP0HQXFnDPQIDAQABAoIBAC7fYlSe0nOyNyUH\nPYRNpuoH2JopYfBVKyOoGnxuwjlrUYPJnp2Feb1f8UCGyQbBHgwmaWkYNOJWSKbq\nV3gfv/bnqJXLW8oXFK4m/ikfCh34LISCqHgC5xjW6GHNm4WXKD7vCoamXkhYBpLZ\nXuQWAm5qNlCfJHW/NkC6ckbX5zD/vNNGW1bK48fIXMVatY5ehyQ8t5iWw9P1k2YR\nuIv195d+8pr+GSbMYLvLCKnTL54F/VLjF2aNjIfvwts2i1boa4HcRM7HNX5SqcyU\nYQnn8YYU+QCdHC+2k0BHFtC5X5hlne7jBVK6Ynu/4vXgZt0kUzZCo5tFOVHDqiok\nuiKzISECgYEAyZ+lmbzRTu6e+uxXIIeisLaYoDMACo4LE4fwq5kCdJZnZpyvb2Wo\nHTvGSyHrv1AZI3yeYDB/etY9OPOxho+/8jLauYsyEaLPwognXWEQ7pDNxgsOFyrW\nDCd7aCRl1KXCrYwN2QJ3a+F5wjTnIarXGYeUUcvfuccxKUgu7Guy568CgYEAuU6/\n6bFElDdNma+Li/blxLfmEBgPapgYg0bQ7/AcMiHC0/+0La/9zAGFisSVmSUojN2l\ngQET9ss4pAym3zSVK0xMsTqoTjf/Niha4RCJluqVVIk2ig6Nikj2kj2qJxN0zPDQ\nGHL9z1SveSazWmwuTr/pkko/6C1TrKrmeAotktMCgYApAzt5SUo+RxW5rueOK2jx\nj0L+m0Ev5HLmVymiji5Mrud7nPWmsEQBJk6Qq+a7dLyYVloU8OiNgRTVB+UdnRIL\nX0LUqTbXFYozZOS0/vClxnjFByynk8QUltdoeLbqCYnPKYULlo/aNvRAh+hYFdtJ\nSyXleZYZwSYD4rYAy2uJ6wKBgHxgkwdz6Cfjhr5kyTFEoqwLEuwyegZ919YlLhAe\nBY7QgkhxFKqluZ+4Vb3yfMax3inOi0uvQYsgk//oTgj67jSFneRHDriRdUcQhw8R\nXohhI6H+BxFa+z2aA4Xcxdw8fuUfrUz7wcfre2vBwhgrDFnnDgsWsxZPdh4rB04C\n5tvpAoGAa/3DYS6Z9Vn0sEI0IKsadW6K8447ucG7MKcJ0SFGFZ316Q8xhfcRCVY+\nm8n24ttZioEbj4yBrjQj8d6O3euTdtXrFW00dYwNpFpA7INDToATVx9XEwGV69OQ\nKoRQrjYg30ybFebyoEpEKg+ed1s9LqjeKhTu40x/XiJkBfmoxYw=\n-----END RSA PRIVATE KEY-----",
            "renewal_eligibility": "INELIGIBLE",
            "renewal_summary": [],
            "status": "ISSUED",
            "subject_alternative_names": [
              "*.test.com",
              "emin.default.test.com",
              "test.com"
            ],
            "tags": {
              "Name": "emin-certificate"
            },
            "tags_all": {
              "Name": "emin-certificate"
            },
            "type": "IMPORTED",
            "validation_emails": [],
            "validation_method": "NONE",
            "validation_option": []
          },
          "sensitive_attributes": [
            [
              {
                "type": "get_attr",
                "value": "private_key"
              }
            ]
          ],
          "private": "bnVsbA==",
          "create_before_destroy": true
        }
      ]
    },
    {
      "mode": "managed",
      "type": "aws_iam_instance_profile",
      "name": "nginx_access_profile",
      "provider": "provider[\"registry.terraform.io/hashicorp/aws\"]",
      "instances": [
        {
          "schema_version": 0,
          "attributes": {
            "arn": "arn:aws:iam::866143014755:instance-profile/nginx.default.dev.emin-test.com",
            "create_date": "2025-01-10T10:48:25Z",
            "id": "nginx.default.dev.emin-test.com",
            "name": "nginx.default.dev.emin-test.com",
            "name_prefix": "",
            "path": "/",
            "role": "nginx.default.dev.emin-test.com",
            "tags": {},
            "tags_all": {},
            "unique_id": "AIPA4TKRFR5RWN5TRIIKG"
          },
          "sensitive_attributes": [],
          "private": "bnVsbA==",
          "dependencies": [
            "aws_iam_role.nginx_access_role",
            "data.aws_iam_policy_document.ec2_assume_role"
          ],
          "create_before_destroy": true
        }
      ]
    },
    {
      "mode": "managed",
      "type": "aws_iam_role",
      "name": "nginx_access_role",
      "provider": "provider[\"registry.terraform.io/hashicorp/aws\"]",
      "instances": [
        {
          "schema_version": 0,
          "attributes": {
            "arn": "arn:aws:iam::866143014755:role/nginx.default.dev.emin-test.com",
            "assume_role_policy": "{\"Statement\":[{\"Action\":\"sts:AssumeRole\",\"Effect\":\"Allow\",\"Principal\":{\"Service\":\"ec2.amazonaws.com\"}}],\"Version\":\"2012-10-17\"}",
            "create_date": "2025-01-10T10:48:24Z",
            "description": "",
            "force_detach_policies": false,
            "id": "nginx.default.dev.emin-test.com",
            "inline_policy": [
              {
                "name": "nginx.default.dev.emin-test.com",
                "policy": "{\"Version\":\"2012-10-17\",\"Statement\":[{\"Action\":[\"ec2:DescribeInstances\",\"ec2:DescribeTags\",\"route53:CreateHostedZone\",\"route53:GetHostedZone\",\"route53:ListHostedZones\",\"route53:ListHostedZonesByName\",\"route53:UpdateHostedZoneComment\",\"route53:ListResourceRecordSets\",\"route53:ChangeResourceRecordSets\",\"elasticloadbalancing:DescribeLoadBalancers\",\"elasticloadbalancing:DescribeListeners\",\"elasticloadbalancing:DescribeTargetGroups\",\"elasticloadbalancing:DescribeTargetHealth\"],\"Effect\":\"Allow\",\"Resource\":[\"*\"]}]}"
              }
            ],
            "managed_policy_arns": [],
            "max_session_duration": 3600,
            "name": "nginx.default.dev.emin-test.com",
            "name_prefix": "",
            "path": "/",
            "permissions_boundary": "",
            "tags": {},
            "tags_all": {},
            "unique_id": "AROA4TKRFR5RWBW4H7G2K"
          },
          "sensitive_attributes": [],
          "private": "bnVsbA==",
          "dependencies": [
            "data.aws_iam_policy_document.ec2_assume_role"
          ],
          "create_before_destroy": true
        }
      ]
    },
    {
      "mode": "managed",
      "type": "aws_iam_role_policy",
      "name": "nginx_access_policy",
      "provider": "provider[\"registry.terraform.io/hashicorp/aws\"]",
      "instances": [
        {
          "schema_version": 0,
          "attributes": {
            "id": "nginx.default.dev.emin-test.com:nginx.default.dev.emin-test.com",
            "name": "nginx.default.dev.emin-test.com",
            "name_prefix": "",
            "policy": "{\"Version\":\"2012-10-17\",\"Statement\":[{\"Action\":[\"ec2:DescribeInstances\",\"ec2:DescribeTags\",\"route53:CreateHostedZone\",\"route53:GetHostedZone\",\"route53:ListHostedZones\",\"route53:ListHostedZonesByName\",\"route53:UpdateHostedZoneComment\",\"route53:ListResourceRecordSets\",\"route53:ChangeResourceRecordSets\",\"elasticloadbalancing:DescribeLoadBalancers\",\"elasticloadbalancing:DescribeListeners\",\"elasticloadbalancing:DescribeTargetGroups\",\"elasticloadbalancing:DescribeTargetHealth\"],\"Effect\":\"Allow\",\"Resource\":[\"*\"]}]}",
            "role": "nginx.default.dev.emin-test.com"
          },
          "sensitive_attributes": [],
          "private": "bnVsbA==",
          "dependencies": [
            "aws_iam_role.nginx_access_role",
            "data.aws_iam_policy_document.ec2_assume_role"
          ]
        }
      ]
    },
    {
      "mode": "managed",
      "type": "aws_internet_gateway",
      "name": "gw",
      "provider": "provider[\"registry.terraform.io/hashicorp/aws\"]",
      "instances": [
        {
          "schema_version": 0,
          "attributes": {
            "arn": "arn:aws:ec2:ap-northeast-1:866143014755:internet-gateway/igw-0ab9d77bee1e213b0",
            "id": "igw-0ab9d77bee1e213b0",
            "owner_id": "866143014755",
            "tags": {
              "Name": "nginx-main-gw"
            },
            "tags_all": {
              "Name": "nginx-main-gw"
            },
            "timeouts": null,
            "vpc_id": "vpc-08bc3ba8fee173e10"
          },
          "sensitive_attributes": [],
          "private": "eyJlMmJmYjczMC1lY2FhLTExZTYtOGY4OC0zNDM2M2JjN2M0YzAiOnsiY3JlYXRlIjoxMjAwMDAwMDAwMDAwLCJkZWxldGUiOjEyMDAwMDAwMDAwMDAsInVwZGF0ZSI6MTIwMDAwMDAwMDAwMH19",
          "dependencies": [
            "aws_vpc.main_vpc"
          ]
        }
      ]
    },
    {
      "mode": "managed",
      "type": "aws_key_pair",
      "name": "nginx_key",
      "provider": "provider[\"registry.terraform.io/hashicorp/aws\"]",
      "instances": [
        {
          "schema_version": 1,
          "attributes": {
            "arn": "arn:aws:ec2:ap-northeast-1:866143014755:key-pair/nginx-key",
            "fingerprint": "dd:eb:cf:d0:53:37:32:55:a5:e1:c8:3b:07:23:8f:fe",
            "id": "nginx-key",
            "key_name": "nginx-key",
            "key_name_prefix": "",
            "key_pair_id": "key-0adf70cce868680cd",
            "key_type": "rsa",
            "public_key": "ssh-rsa AAAAB3NzaC1yc2EAAAADAQABAAACAQDCoXvcpNA/n7a0ThBEEGoGSy0IJBSIFuo7Hyzq+z+wmirNbNE66gfxuaFrWJ5kFAprOBGkA0qKXnfrIvxpf0gvCwc/DRvTi6kvBqdOaLHBy/A1MjvhDHaEV4C30WoCUTiocLzlSRWM9qKHv1bWnh0OsgPzjsp/AlXM2/Tw1iyUZIw6ql/UHUlBakQvTpmIDO/ysUegDtdrR1KJEFwEo+6+HBxqgeKIdX7XCNj9nGiLX55rBKs6YmAg8D7QUR+hsoLucSr9Bu5kDWM3CtTymog0MkHDZAwVHWD3/BsV+kCRjIJfNZ2qQ4DP3Z0fZQJAWCHVXFiXYwY6ZSg6iK7dHMRA+kZ1ZPh1YMjThsGF9piO0Q675sWYEYNy7OLYvYc3OKkSp9C4/bIXYBodcQgs0oeP4mHQ5/ZulICwJYU9XYwE1JMQhEGGg9HejKTLohQ3v8gnno9Us73LQcg7e6b5P9QS4qKJW2M+y5TAceWRhf0PM1DMfteP6A6UzoyIU3tAc1qPthzEIGHa7QilRajZQtr8eoxXdKq4FahfHsRRT7JWn8YTNSR3iYNZKgidTfETAmomStyFVIvgjpFwFQzK+evq7eMXjCLqNdf+nZ/cSykPE2e/ds4ki8gI7sfEHebCZasvVFAhUIZSWpHqgIsfViiHeyjv+yI17JBvIDhoUYjFKw==",
            "tags": {},
            "tags_all": {}
          },
          "sensitive_attributes": [],
          "private": "eyJzY2hlbWFfdmVyc2lvbiI6IjEifQ==",
          "dependencies": [
            "tls_private_key.nginx"
          ],
          "create_before_destroy": true
        }
      ]
    },
    {
      "mode": "managed",
      "type": "aws_network_acl",
      "name": "nginx_network_acl",
      "provider": "provider[\"registry.terraform.io/hashicorp/aws\"]",
      "instances": [
        {
          "schema_version": 0,
          "attributes": {
            "arn": "arn:aws:ec2:ap-northeast-1:866143014755:network-acl/acl-06bd7d367ebcda5f3",
            "egress": [
              {
                "action": "allow",
                "cidr_block": "0.0.0.0/0",
                "from_port": 0,
                "icmp_code": 0,
                "icmp_type": 0,
                "ipv6_cidr_block": "",
                "protocol": "-1",
                "rule_no": 100,
                "to_port": 0
              }
            ],
            "id": "acl-06bd7d367ebcda5f3",
            "ingress": [
              {
                "action": "allow",
                "cidr_block": "0.0.0.0/0",
                "from_port": 0,
                "icmp_code": 0,
                "icmp_type": 0,
                "ipv6_cidr_block": "",
                "protocol": "-1",
                "rule_no": 100,
                "to_port": 0
              }
            ],
            "owner_id": "866143014755",
            "subnet_ids": [
              "subnet-010f3024ea1128c97",
              "subnet-0922e6a2f04f7df1b"
            ],
            "tags": {
              "Deployment": "nginx",
              "Name": "nginx"
            },
            "tags_all": {
              "Deployment": "nginx",
              "Name": "nginx"
            },
            "vpc_id": "vpc-08bc3ba8fee173e10"
          },
          "sensitive_attributes": [],
          "private": "bnVsbA==",
          "dependencies": [
            "aws_subnet.private_subnet",
            "aws_subnet.public_subnet",
            "aws_vpc.main_vpc"
          ]
        }
      ]
    },
    {
      "mode": "managed",
      "type": "aws_route_table",
      "name": "public",
      "provider": "provider[\"registry.terraform.io/hashicorp/aws\"]",
      "instances": [
        {
          "schema_version": 0,
          "attributes": {
            "arn": "arn:aws:ec2:ap-northeast-1:866143014755:route-table/rtb-0060a1fc1c3e2348e",
            "id": "rtb-0060a1fc1c3e2348e",
            "owner_id": "866143014755",
            "propagating_vgws": [],
            "route": [
              {
                "carrier_gateway_id": "",
                "cidr_block": "0.0.0.0/0",
                "core_network_arn": "",
                "destination_prefix_list_id": "",
                "egress_only_gateway_id": "",
                "gateway_id": "igw-0ab9d77bee1e213b0",
                "ipv6_cidr_block": "",
                "local_gateway_id": "",
                "nat_gateway_id": "",
                "network_interface_id": "",
                "transit_gateway_id": "",
                "vpc_endpoint_id": "",
                "vpc_peering_connection_id": ""
              }
            ],
            "tags": {
              "Name": "public-rt"
            },
            "tags_all": {
              "Name": "public-rt"
            },
            "timeouts": null,
            "vpc_id": "vpc-08bc3ba8fee173e10"
          },
          "sensitive_attributes": [],
          "private": "eyJlMmJmYjczMC1lY2FhLTExZTYtOGY4OC0zNDM2M2JjN2M0YzAiOnsiY3JlYXRlIjozMDAwMDAwMDAwMDAsImRlbGV0ZSI6MzAwMDAwMDAwMDAwLCJ1cGRhdGUiOjEyMDAwMDAwMDAwMH19",
          "dependencies": [
            "aws_internet_gateway.gw",
            "aws_vpc.main_vpc"
          ]
        }
      ]
    },
    {
      "mode": "managed",
      "type": "aws_route_table_association",
      "name": "rt",
      "provider": "provider[\"registry.terraform.io/hashicorp/aws\"]",
      "instances": [
        {
          "schema_version": 0,
          "attributes": {
            "gateway_id": "",
            "id": "rtbassoc-040b8c898ab3c1b73",
            "route_table_id": "rtb-0060a1fc1c3e2348e",
            "subnet_id": "subnet-0922e6a2f04f7df1b",
            "timeouts": null
          },
          "sensitive_attributes": [],
          "private": "eyJlMmJmYjczMC1lY2FhLTExZTYtOGY4OC0zNDM2M2JjN2M0YzAiOnsiY3JlYXRlIjozMDAwMDAwMDAwMDAsImRlbGV0ZSI6MzAwMDAwMDAwMDAwLCJ1cGRhdGUiOjEyMDAwMDAwMDAwMH19",
          "dependencies": [
            "aws_internet_gateway.gw",
            "aws_route_table.public",
            "aws_subnet.public_subnet",
            "aws_vpc.main_vpc"
          ]
        }
      ]
    },
    {
      "mode": "managed",
      "type": "aws_subnet",
      "name": "private_subnet",
      "provider": "provider[\"registry.terraform.io/hashicorp/aws\"]",
      "instances": [
        {
          "schema_version": 1,
          "attributes": {
            "arn": "arn:aws:ec2:ap-northeast-1:866143014755:subnet/subnet-010f3024ea1128c97",
            "assign_ipv6_address_on_creation": false,
            "availability_zone": "ap-northeast-1a",
            "availability_zone_id": "apne1-az4",
            "cidr_block": "10.0.200.0/24",
            "customer_owned_ipv4_pool": "",
            "enable_dns64": false,
            "enable_lni_at_device_index": 0,
            "enable_resource_name_dns_a_record_on_launch": false,
            "enable_resource_name_dns_aaaa_record_on_launch": false,
            "id": "subnet-010f3024ea1128c97",
            "ipv6_cidr_block": "",
            "ipv6_cidr_block_association_id": "",
            "ipv6_native": false,
            "map_customer_owned_ip_on_launch": false,
            "map_public_ip_on_launch": false,
            "outpost_arn": "",
            "owner_id": "866143014755",
            "private_dns_hostname_type_on_launch": "ip-name",
            "tags": {
              "Name": "nginx-private-subnet",
              "Owner": "emin"
            },
            "tags_all": {
              "Name": "nginx-private-subnet",
              "Owner": "emin"
            },
            "timeouts": null,
            "vpc_id": "vpc-08bc3ba8fee173e10"
          },
          "sensitive_attributes": [],
          "private": "eyJlMmJmYjczMC1lY2FhLTExZTYtOGY4OC0zNDM2M2JjN2M0YzAiOnsiY3JlYXRlIjo2MDAwMDAwMDAwMDAsImRlbGV0ZSI6MTIwMDAwMDAwMDAwMH0sInNjaGVtYV92ZXJzaW9uIjoiMSJ9",
          "dependencies": [
            "aws_vpc.main_vpc"
          ],
          "create_before_destroy": true
        }
      ]
    },
    {
      "mode": "managed",
      "type": "aws_subnet",
      "name": "public_subnet",
      "provider": "provider[\"registry.terraform.io/hashicorp/aws\"]",
      "instances": [
        {
          "schema_version": 1,
          "attributes": {
            "arn": "arn:aws:ec2:ap-northeast-1:866143014755:subnet/subnet-0922e6a2f04f7df1b",
            "assign_ipv6_address_on_creation": false,
            "availability_zone": "ap-northeast-1a",
            "availability_zone_id": "apne1-az4",
            "cidr_block": "10.0.100.0/24",
            "customer_owned_ipv4_pool": "",
            "enable_dns64": false,
            "enable_lni_at_device_index": 0,
            "enable_resource_name_dns_a_record_on_launch": false,
            "enable_resource_name_dns_aaaa_record_on_launch": false,
            "id": "subnet-0922e6a2f04f7df1b",
            "ipv6_cidr_block": "",
            "ipv6_cidr_block_association_id": "",
            "ipv6_native": false,
            "map_customer_owned_ip_on_launch": false,
            "map_public_ip_on_launch": true,
            "outpost_arn": "",
            "owner_id": "866143014755",
            "private_dns_hostname_type_on_launch": "ip-name",
            "tags": {
              "Name": "nginx-public-subnet",
              "Owner": "emin"
            },
            "tags_all": {
              "Name": "nginx-public-subnet",
              "Owner": "emin"
            },
            "timeouts": null,
            "vpc_id": "vpc-08bc3ba8fee173e10"
          },
          "sensitive_attributes": [],
          "private": "eyJlMmJmYjczMC1lY2FhLTExZTYtOGY4OC0zNDM2M2JjN2M0YzAiOnsiY3JlYXRlIjo2MDAwMDAwMDAwMDAsImRlbGV0ZSI6MTIwMDAwMDAwMDAwMH0sInNjaGVtYV92ZXJzaW9uIjoiMSJ9",
          "dependencies": [
            "aws_vpc.main_vpc"
          ],
          "create_before_destroy": true
        }
      ]
    },
    {
      "mode": "managed",
      "type": "aws_vpc",
      "name": "main_vpc",
      "provider": "provider[\"registry.terraform.io/hashicorp/aws\"]",
      "instances": [
        {
          "schema_version": 1,
          "attributes": {
            "arn": "arn:aws:ec2:ap-northeast-1:866143014755:vpc/vpc-08bc3ba8fee173e10",
            "assign_generated_ipv6_cidr_block": false,
            "cidr_block": "10.0.0.0/16",
            "default_network_acl_id": "acl-0da89f2e7f3f14140",
            "default_route_table_id": "rtb-019462290e99adae5",
            "default_security_group_id": "sg-0fd7ceec8594845ab",
            "dhcp_options_id": "dopt-7c86bf1b",
            "enable_dns_hostnames": true,
            "enable_dns_support": true,
            "enable_network_address_usage_metrics": false,
            "id": "vpc-08bc3ba8fee173e10",
            "instance_tenancy": "default",
            "ipv4_ipam_pool_id": null,
            "ipv4_netmask_length": null,
            "ipv6_association_id": "",
            "ipv6_cidr_block": "",
            "ipv6_cidr_block_network_border_group": "",
            "ipv6_ipam_pool_id": "",
            "ipv6_netmask_length": 0,
            "main_route_table_id": "rtb-019462290e99adae5",
            "owner_id": "866143014755",
            "tags": {
              "Name": "emin-vpc",
              "Owner": "emin"
            },
            "tags_all": {
              "Name": "emin-vpc",
              "Owner": "emin"
            }
          },
          "sensitive_attributes": [],
          "private": "eyJzY2hlbWFfdmVyc2lvbiI6IjEifQ==",
          "create_before_destroy": true
        }
      ]
    },
    {
      "mode": "managed",
      "type": "tls_private_key",
      "name": "nginx",
      "provider": "provider[\"registry.terraform.io/hashicorp/tls\"]",
      "instances": [
        {
          "schema_version": 1,
          "attributes": {
            "algorithm": "RSA",
            "ecdsa_curve": "P224",
            "id": "7bd2a587cfad5113797c25565cd1804eaa9d1b3e",
            "private_key_openssh": "-----BEGIN OPENSSH PRIVATE KEY-----\nb3BlbnNzaC1rZXktdjEAAAAABG5vbmUAAAAEbm9uZQAAAAAAAAABAAACFwAAAAdz\nc2gtcnNhAAAAAwEAAQAAAgEAwqF73KTQP5+2tE4QRBBqBkstCCQUiBbqOx8s6vs/\nsJoqzWzROuoH8bmha1ieZBQKazgRpANKil536yL8aX9ILwsHPw0b04upLwanTmix\nwcvwNTI74Qx2hFeAt9FqAlE4qHC85UkVjPaih79W1p4dDrID847KfwJVzNv08NYs\nlGSMOqpf1B1JQWpEL06ZiAzv8rFHoA7Xa0dSiRBcBKPuvhwcaoHiiHV+1wjY/Zxo\ni1+eawSrOmJgIPA+0FEfobKC7nEq/QbuZA1jNwrU8pqINDJBw2QMFR1g9/wbFfpA\nkYyCXzWdqkOAz92dH2UCQFgh1VxYl2MGOmUoOoiu3RzEQPpGdWT4dWDI04bBhfaY\njtEOu+bFmBGDcuzi2L2HNzipEqfQuP2yF2AaHXEILNKHj+Jh0Of2bpSAsCWFPV2M\nBNSTEIRBhoPR3oyky6IUN7/IJ56PVLO9y0HIO3um+T/UEuKiiVtjPsuUwHHlkYX9\nDzNQzH7Xj+gOlM6MiFN7QHNaj7YcxCBh2u0IpUWo2ULa/HqMV3SquBWoXx7EUU+y\nVp/GEzUkd4mDWSoInU3xEwJqJkrchVSL4I6RcBUMyvnr6u3jF4wi6jXX/p2f3Esp\nDxNnv3bOJIvICO7HxB3mwmWrL1RQIVCGUlqR6oCLH1Yoh3so7/siNeyQbyA4aFGI\nxSsAAAc4xjsVfsY7FX4AAAAHc3NoLXJzYQAAAgEAwqF73KTQP5+2tE4QRBBqBkst\nCCQUiBbqOx8s6vs/sJoqzWzROuoH8bmha1ieZBQKazgRpANKil536yL8aX9ILwsH\nPw0b04upLwanTmixwcvwNTI74Qx2hFeAt9FqAlE4qHC85UkVjPaih79W1p4dDrID\n847KfwJVzNv08NYslGSMOqpf1B1JQWpEL06ZiAzv8rFHoA7Xa0dSiRBcBKPuvhwc\naoHiiHV+1wjY/Zxoi1+eawSrOmJgIPA+0FEfobKC7nEq/QbuZA1jNwrU8pqINDJB\nw2QMFR1g9/wbFfpAkYyCXzWdqkOAz92dH2UCQFgh1VxYl2MGOmUoOoiu3RzEQPpG\ndWT4dWDI04bBhfaYjtEOu+bFmBGDcuzi2L2HNzipEqfQuP2yF2AaHXEILNKHj+Jh\n0Of2bpSAsCWFPV2MBNSTEIRBhoPR3oyky6IUN7/IJ56PVLO9y0HIO3um+T/UEuKi\niVtjPsuUwHHlkYX9DzNQzH7Xj+gOlM6MiFN7QHNaj7YcxCBh2u0IpUWo2ULa/HqM\nV3SquBWoXx7EUU+yVp/GEzUkd4mDWSoInU3xEwJqJkrchVSL4I6RcBUMyvnr6u3j\nF4wi6jXX/p2f3EspDxNnv3bOJIvICO7HxB3mwmWrL1RQIVCGUlqR6oCLH1Yoh3so\n7/siNeyQbyA4aFGIxSsAAAADAQABAAACAFAZ3bwlKH/G3469QfyBNOF6NwJOtxR7\nOdMzNW1QEhpAmLUKv+GbR8G4QDLJugY+KTuPS9NQd3ETCA+Bypgwhii2RTkxz+30\nYKC2AE1I0T+NC0MZdYNdeblludftG8/wVX0dSOCkf3YQWzu7B6Y0VIkjwnSOo9A5\nyc4SCHDF9HruFrhePioyE2AUuBMwKgfQK0CarXu2H/pK1DEMxpIyVaNwNlGvOugm\nUxl0zrkxkeUqaSxqM35H1oA33+IkQPxvV2uCr8qK+7m5uMeCcbmW18+Dj4U2u7JE\n8Q+edhdJcyFzzoQYsNbOCUmDT5MIIzEQFHyXEO7dFkcaMsBEWJMvr6TGjRyX8mSl\nNC0hwHwoxBxdrVNcoAOIUbaMb+4wrncIWvKJVuWEi4CyW6HnmWf8bzRtDGFg56pe\nq5yZ+B/wLCIQAp4V28cRElQifOJrpVIuASYGqedYlsSz+M2gFzOQ7frCKh8WXymU\nLdV1IBQHRObx9O59RzuvkhSkuacTTYpkCihIGOQdtwYpUpx+djR89EIGzUUfK2tv\nVg3tq+HP2zk8slAZU50q4Xl1CR7xXYmCBEOzQqYi9Ys2VDWCWTUNvV+h9Mqm3YK8\nAEN+6LsM8enSSImNJUQsOaFQJw9pYF1YGRxhVIb57+pb66ebFJA4kGd8cu72bV95\nUOHhy48QgT5BAAABAQCZr2z4SMXOMdi2Av40AJTkdTgQ9JZWhCK4hklXuzZGdksW\nvMm3HJnyHHnvarcuaBlolO9JnC4RlUW6XgKVvjlW5Ja5a1mtCaU7h62toxzcSzm/\nZm+ynJs21BZ7pSetOQgSWaPm8qB0JLRlSpWhJUIlVFr3rNpPJVXOBfs7MzzskJQA\njE4jl6rh2HTGpBfonQj78i/aMPrTFdu2LChcr0m5u3o1+SFTsbwPOrLBwob/lgUK\nPbSyaZk0mZeBepVnheKXqB++I4cLUM/ueYzWH4+/5F8Ltl+iqn2ZF0b30EH+x7tp\neg6nAeReDH4z8ifh4niD1VhdoYLerCevvHJDm9AaAAABAQDlq6aAkQh8UVsj4TWC\nxlIZKIZE83MiWiAXzqrWF5+qdcY+qIg2hTSezccmrZeSjVrN/CCuNsqnALdEUHpz\n72F6BUfLx8DMucbgeq9ID7cBCrvuDzRCZnp5yw2IwnnkcoXIyo9o2ct1YGaaHumL\n7FDYHSMdndVHVR0OuFH9kXvjp7/XmZAGDXyZ0utwtQpl9oe5fP8QYuN8jSlzjm3t\nXS9I10wt1j5IFFvBBIBEYvvnkBVXvR8n1gUT3A6zQbKlLrgj5qZj+D301DuApyxW\nto0n84OdskwIs/sQP15ZrQxcS1LgKa5aSDi4lR33jo9CRnqJh7PhH9ExzZrfiU7n\nM4B5AAABAQDY8X22XJmBaEzIpVYFfdRfbI8PUZefzVgqP9o5BGF3U5RaL2B3vgPr\nSOE2d3DJJ1cErAPZ1p3BU9NRKKuZWkDoiaA+vcJnd7cx6BSaB4+O1YdBCPj5H3TS\nfbb+utpSEJy0DONaduyHOSgxs4K9Mr1N1tUOjwcjpmg7nKvA0U1V1YwUaX++Mimz\nrB9XQvnFiWMSPIZTV8oEfvhu8UB6Pa5E3ZJWDF4/gp1fRcFxAYP0pFQ6jRFOlBXo\nvMkAxCcveNkLn8NRKuxmpdc+HOzy/tbFM1pHwDkU4sxwKgUaS32xFPN5uPRJSH/z\nZ2j20Y4ET7GhFRxGFXjTW/NlkpRFPPHDAAAAAAEC\n-----END OPENSSH PRIVATE KEY-----\n",
            "private_key_pem": "-----BEGIN RSA PRIVATE KEY-----\nMIIJKgIBAAKCAgEAwqF73KTQP5+2tE4QRBBqBkstCCQUiBbqOx8s6vs/sJoqzWzR\nOuoH8bmha1ieZBQKazgRpANKil536yL8aX9ILwsHPw0b04upLwanTmixwcvwNTI7\n4Qx2hFeAt9FqAlE4qHC85UkVjPaih79W1p4dDrID847KfwJVzNv08NYslGSMOqpf\n1B1JQWpEL06ZiAzv8rFHoA7Xa0dSiRBcBKPuvhwcaoHiiHV+1wjY/Zxoi1+eawSr\nOmJgIPA+0FEfobKC7nEq/QbuZA1jNwrU8pqINDJBw2QMFR1g9/wbFfpAkYyCXzWd\nqkOAz92dH2UCQFgh1VxYl2MGOmUoOoiu3RzEQPpGdWT4dWDI04bBhfaYjtEOu+bF\nmBGDcuzi2L2HNzipEqfQuP2yF2AaHXEILNKHj+Jh0Of2bpSAsCWFPV2MBNSTEIRB\nhoPR3oyky6IUN7/IJ56PVLO9y0HIO3um+T/UEuKiiVtjPsuUwHHlkYX9DzNQzH7X\nj+gOlM6MiFN7QHNaj7YcxCBh2u0IpUWo2ULa/HqMV3SquBWoXx7EUU+yVp/GEzUk\nd4mDWSoInU3xEwJqJkrchVSL4I6RcBUMyvnr6u3jF4wi6jXX/p2f3EspDxNnv3bO\nJIvICO7HxB3mwmWrL1RQIVCGUlqR6oCLH1Yoh3so7/siNeyQbyA4aFGIxSsCAwEA\nAQKCAgBQGd28JSh/xt+OvUH8gTThejcCTrcUeznTMzVtUBIaQJi1Cr/hm0fBuEAy\nyboGPik7j0vTUHdxEwgPgcqYMIYotkU5Mc/t9GCgtgBNSNE/jQtDGXWDXXm5ZbnX\n7RvP8FV9HUjgpH92EFs7uwemNFSJI8J0jqPQOcnOEghwxfR67ha4Xj4qMhNgFLgT\nMCoH0CtAmq17th/6StQxDMaSMlWjcDZRrzroJlMZdM65MZHlKmksajN+R9aAN9/i\nJED8b1drgq/Kivu5ubjHgnG5ltfPg4+FNruyRPEPnnYXSXMhc86EGLDWzglJg0+T\nCCMxEBR8lxDu3RZHGjLARFiTL6+kxo0cl/JkpTQtIcB8KMQcXa1TXKADiFG2jG/u\nMK53CFryiVblhIuAsluh55ln/G80bQxhYOeqXqucmfgf8CwiEAKeFdvHERJUInzi\na6VSLgEmBqnnWJbEs/jNoBczkO36wiofFl8plC3VdSAUB0Tm8fTufUc7r5IUpLmn\nE02KZAooSBjkHbcGKVKcfnY0fPRCBs1FHytrb1YN7avhz9s5PLJQGVOdKuF5dQke\n8V2JggRDs0KmIvWLNlQ1glk1Db1fofTKpt2CvABDfui7DPHp0kiJjSVELDmhUCcP\naWBdWBkcYVSG+e/qW+unmxSQOJBnfHLu9m1feVDh4cuPEIE+QQKCAQEA5aumgJEI\nfFFbI+E1gsZSGSiGRPNzIlogF86q1hefqnXGPqiINoU0ns3HJq2Xko1azfwgrjbK\npwC3RFB6c+9hegVHy8fAzLnG4HqvSA+3AQq77g80QmZ6ecsNiMJ55HKFyMqPaNnL\ndWBmmh7pi+xQ2B0jHZ3VR1UdDrhR/ZF746e/15mQBg18mdLrcLUKZfaHuXz/EGLj\nfI0pc45t7V0vSNdMLdY+SBRbwQSARGL755AVV70fJ9YFE9wOs0GypS64I+amY/g9\n9NQ7gKcsVraNJ/ODnbJMCLP7ED9eWa0MXEtS4CmuWkg4uJUd946PQkZ6iYez4R/R\nMc2a34lO5zOAeQKCAQEA2PF9tlyZgWhMyKVWBX3UX2yPD1GXn81YKj/aOQRhd1OU\nWi9gd74D60jhNndwySdXBKwD2dadwVPTUSirmVpA6ImgPr3CZ3e3MegUmgePjtWH\nQQj4+R900n22/rraUhCctAzjWnbshzkoMbOCvTK9TdbVDo8HI6ZoO5yrwNFNVdWM\nFGl/vjIps6wfV0L5xYljEjyGU1fKBH74bvFAej2uRN2SVgxeP4KdX0XBcQGD9KRU\nOo0RTpQV6LzJAMQnL3jZC5/DUSrsZqXXPhzs8v7WxTNaR8A5FOLMcCoFGkt9sRTz\nebj0SUh/82do9tGOBE+xoRUcRhV401vzZZKURTzxwwKCAQEAxAVX671db7WEQ0BR\nCpe3tG9JAgqCxtwDLi6e0nGBPdydYhc3gsj4G13oTtO0XUm2Kb66Kdbr6dOLl4vU\np6S1Ho7pMzz/Cfy5iBhOCAQZnpMJyOpDITUT7WVn3MSXgmpYUwLHmabhpwGrMHmX\nvWvpqDpeIUX3pZU4Yrrgh7om8ivXae1P5kqWgTdq6VwrTtE2EBNmIxczr7dPnKgA\nnKl+1P2ksC5+I8j0cu4jh7qv43ivLp5ku/xHgya7iTVWgvM4CLQwaXyTbKXDT0/f\nYPcXzPRi7jIiAP+UFc7v+TvgI9nKFzab78RaXPgwhnyvOtKqfT1MQqWER6yDNayc\nomnriQKCAQEAjeWWplr3BM+luW97Tmg5KpklEY36sMltK2VMZRLadWQzmrF2VZvx\nkEnBFREWsluK7UFd23QnBza+90y0wL9pyS+Lor4Xk/mX14rHPuBHI9PCfeVShA/x\nJ2SW9xJcjmTTOmlbo+Y5W1ElWyzhDMNNUsZ74OPodYb4klUtehbskIH297rxlQPW\nhvDEJx1lpbDxHhJ8gbLgLgSmlloyJEKH4/9RIftBAiV6rcBAgJvPJYr+lLWEZnMx\nyWMBzgB+6OwQeyvqYwLCUXmTycq9qUrKS34FRP0T2PdnZM33PHW4JsVfY3R4RB6p\nohk3bIkwbN17f7MBJU4SE50HHJ69YHQ2ZQKCAQEAma9s+EjFzjHYtgL+NACU5HU4\nEPSWVoQiuIZJV7s2RnZLFrzJtxyZ8hx572q3LmgZaJTvSZwuEZVFul4Clb45VuSW\nuWtZrQmlO4etraMc3Es5v2ZvspybNtQWe6UnrTkIElmj5vKgdCS0ZUqVoSVCJVRa\n96zaTyVVzgX7OzM87JCUAIxOI5eq4dh0xqQX6J0I+/Iv2jD60xXbtiwoXK9Jubt6\nNfkhU7G8DzqywcKG/5YFCj20smmZNJmXgXqVZ4Xil6gfviOHC1DP7nmM1h+Pv+Rf\nC7Zfoqp9mRdG99BB/se7aXoOpwHkXgx+M/In4eJ4g9VYXaGC3qwnr7xyQ5vQGg==\n-----END RSA PRIVATE KEY-----\n",
            "private_key_pem_pkcs8": "-----BEGIN PRIVATE KEY-----\nMIIJRAIBADANBgkqhkiG9w0BAQEFAASCCS4wggkqAgEAAoICAQDCoXvcpNA/n7a0\nThBEEGoGSy0IJBSIFuo7Hyzq+z+wmirNbNE66gfxuaFrWJ5kFAprOBGkA0qKXnfr\nIvxpf0gvCwc/DRvTi6kvBqdOaLHBy/A1MjvhDHaEV4C30WoCUTiocLzlSRWM9qKH\nv1bWnh0OsgPzjsp/AlXM2/Tw1iyUZIw6ql/UHUlBakQvTpmIDO/ysUegDtdrR1KJ\nEFwEo+6+HBxqgeKIdX7XCNj9nGiLX55rBKs6YmAg8D7QUR+hsoLucSr9Bu5kDWM3\nCtTymog0MkHDZAwVHWD3/BsV+kCRjIJfNZ2qQ4DP3Z0fZQJAWCHVXFiXYwY6ZSg6\niK7dHMRA+kZ1ZPh1YMjThsGF9piO0Q675sWYEYNy7OLYvYc3OKkSp9C4/bIXYBod\ncQgs0oeP4mHQ5/ZulICwJYU9XYwE1JMQhEGGg9HejKTLohQ3v8gnno9Us73LQcg7\ne6b5P9QS4qKJW2M+y5TAceWRhf0PM1DMfteP6A6UzoyIU3tAc1qPthzEIGHa7Qil\nRajZQtr8eoxXdKq4FahfHsRRT7JWn8YTNSR3iYNZKgidTfETAmomStyFVIvgjpFw\nFQzK+evq7eMXjCLqNdf+nZ/cSykPE2e/ds4ki8gI7sfEHebCZasvVFAhUIZSWpHq\ngIsfViiHeyjv+yI17JBvIDhoUYjFKwIDAQABAoICAFAZ3bwlKH/G3469QfyBNOF6\nNwJOtxR7OdMzNW1QEhpAmLUKv+GbR8G4QDLJugY+KTuPS9NQd3ETCA+Bypgwhii2\nRTkxz+30YKC2AE1I0T+NC0MZdYNdeblludftG8/wVX0dSOCkf3YQWzu7B6Y0VIkj\nwnSOo9A5yc4SCHDF9HruFrhePioyE2AUuBMwKgfQK0CarXu2H/pK1DEMxpIyVaNw\nNlGvOugmUxl0zrkxkeUqaSxqM35H1oA33+IkQPxvV2uCr8qK+7m5uMeCcbmW18+D\nj4U2u7JE8Q+edhdJcyFzzoQYsNbOCUmDT5MIIzEQFHyXEO7dFkcaMsBEWJMvr6TG\njRyX8mSlNC0hwHwoxBxdrVNcoAOIUbaMb+4wrncIWvKJVuWEi4CyW6HnmWf8bzRt\nDGFg56peq5yZ+B/wLCIQAp4V28cRElQifOJrpVIuASYGqedYlsSz+M2gFzOQ7frC\nKh8WXymULdV1IBQHRObx9O59RzuvkhSkuacTTYpkCihIGOQdtwYpUpx+djR89EIG\nzUUfK2tvVg3tq+HP2zk8slAZU50q4Xl1CR7xXYmCBEOzQqYi9Ys2VDWCWTUNvV+h\n9Mqm3YK8AEN+6LsM8enSSImNJUQsOaFQJw9pYF1YGRxhVIb57+pb66ebFJA4kGd8\ncu72bV95UOHhy48QgT5BAoIBAQDlq6aAkQh8UVsj4TWCxlIZKIZE83MiWiAXzqrW\nF5+qdcY+qIg2hTSezccmrZeSjVrN/CCuNsqnALdEUHpz72F6BUfLx8DMucbgeq9I\nD7cBCrvuDzRCZnp5yw2IwnnkcoXIyo9o2ct1YGaaHumL7FDYHSMdndVHVR0OuFH9\nkXvjp7/XmZAGDXyZ0utwtQpl9oe5fP8QYuN8jSlzjm3tXS9I10wt1j5IFFvBBIBE\nYvvnkBVXvR8n1gUT3A6zQbKlLrgj5qZj+D301DuApyxWto0n84OdskwIs/sQP15Z\nrQxcS1LgKa5aSDi4lR33jo9CRnqJh7PhH9ExzZrfiU7nM4B5AoIBAQDY8X22XJmB\naEzIpVYFfdRfbI8PUZefzVgqP9o5BGF3U5RaL2B3vgPrSOE2d3DJJ1cErAPZ1p3B\nU9NRKKuZWkDoiaA+vcJnd7cx6BSaB4+O1YdBCPj5H3TSfbb+utpSEJy0DONaduyH\nOSgxs4K9Mr1N1tUOjwcjpmg7nKvA0U1V1YwUaX++MimzrB9XQvnFiWMSPIZTV8oE\nfvhu8UB6Pa5E3ZJWDF4/gp1fRcFxAYP0pFQ6jRFOlBXovMkAxCcveNkLn8NRKuxm\npdc+HOzy/tbFM1pHwDkU4sxwKgUaS32xFPN5uPRJSH/zZ2j20Y4ET7GhFRxGFXjT\nW/NlkpRFPPHDAoIBAQDEBVfrvV1vtYRDQFEKl7e0b0kCCoLG3AMuLp7ScYE93J1i\nFzeCyPgbXehO07RdSbYpvrop1uvp04uXi9SnpLUejukzPP8J/LmIGE4IBBmekwnI\n6kMhNRPtZWfcxJeCalhTAseZpuGnAasweZe9a+moOl4hRfellThiuuCHuibyK9dp\n7U/mSpaBN2rpXCtO0TYQE2YjFzOvt0+cqACcqX7U/aSwLn4jyPRy7iOHuq/jeK8u\nnmS7/EeDJruJNVaC8zgItDBpfJNspcNPT99g9xfM9GLuMiIA/5QVzu/5O+Aj2coX\nNpvvxFpc+DCGfK860qp9PUxCpYRHrIM1rJyiaeuJAoIBAQCN5ZamWvcEz6W5b3tO\naDkqmSURjfqwyW0rZUxlEtp1ZDOasXZVm/GQScEVERayW4rtQV3bdCcHNr73TLTA\nv2nJL4uivheT+ZfXisc+4Ecj08J95VKED/EnZJb3ElyOZNM6aVuj5jlbUSVbLOEM\nw01Sxnvg4+h1hviSVS16FuyQgfb3uvGVA9aG8MQnHWWlsPEeEnyBsuAuBKaWWjIk\nQofj/1Eh+0ECJXqtwECAm88liv6UtYRmczHJYwHOAH7o7BB7K+pjAsJReZPJyr2p\nSspLfgVE/RPY92dkzfc8dbgmxV9jdHhEHqmiGTdsiTBs3Xt/swElThITnQccnr1g\ndDZlAoIBAQCZr2z4SMXOMdi2Av40AJTkdTgQ9JZWhCK4hklXuzZGdksWvMm3HJny\nHHnvarcuaBlolO9JnC4RlUW6XgKVvjlW5Ja5a1mtCaU7h62toxzcSzm/Zm+ynJs2\n1BZ7pSetOQgSWaPm8qB0JLRlSpWhJUIlVFr3rNpPJVXOBfs7MzzskJQAjE4jl6rh\n2HTGpBfonQj78i/aMPrTFdu2LChcr0m5u3o1+SFTsbwPOrLBwob/lgUKPbSyaZk0\nmZeBepVnheKXqB++I4cLUM/ueYzWH4+/5F8Ltl+iqn2ZF0b30EH+x7tpeg6nAeRe\nDH4z8ifh4niD1VhdoYLerCevvHJDm9Aa\n-----END PRIVATE KEY-----\n",
            "public_key_fingerprint_md5": "8e:9d:5b:80:15:18:5b:18:2f:9f:44:e5:22:cf:02:86",
            "public_key_fingerprint_sha256": "SHA256:BRcmw+zq3EX3xl3iFrNd6S/tXrkHpwIVIu/djVJvV84",
            "public_key_openssh": "ssh-rsa AAAAB3NzaC1yc2EAAAADAQABAAACAQDCoXvcpNA/n7a0ThBEEGoGSy0IJBSIFuo7Hyzq+z+wmirNbNE66gfxuaFrWJ5kFAprOBGkA0qKXnfrIvxpf0gvCwc/DRvTi6kvBqdOaLHBy/A1MjvhDHaEV4C30WoCUTiocLzlSRWM9qKHv1bWnh0OsgPzjsp/AlXM2/Tw1iyUZIw6ql/UHUlBakQvTpmIDO/ysUegDtdrR1KJEFwEo+6+HBxqgeKIdX7XCNj9nGiLX55rBKs6YmAg8D7QUR+hsoLucSr9Bu5kDWM3CtTymog0MkHDZAwVHWD3/BsV+kCRjIJfNZ2qQ4DP3Z0fZQJAWCHVXFiXYwY6ZSg6iK7dHMRA+kZ1ZPh1YMjThsGF9piO0Q675sWYEYNy7OLYvYc3OKkSp9C4/bIXYBodcQgs0oeP4mHQ5/ZulICwJYU9XYwE1JMQhEGGg9HejKTLohQ3v8gnno9Us73LQcg7e6b5P9QS4qKJW2M+y5TAceWRhf0PM1DMfteP6A6UzoyIU3tAc1qPthzEIGHa7QilRajZQtr8eoxXdKq4FahfHsRRT7JWn8YTNSR3iYNZKgidTfETAmomStyFVIvgjpFwFQzK+evq7eMXjCLqNdf+nZ/cSykPE2e/ds4ki8gI7sfEHebCZasvVFAhUIZSWpHqgIsfViiHeyjv+yI17JBvIDhoUYjFKw==\n",
            "public_key_pem": "-----BEGIN PUBLIC KEY-----\nMIICIjANBgkqhkiG9w0BAQEFAAOCAg8AMIICCgKCAgEAwqF73KTQP5+2tE4QRBBq\nBkstCCQUiBbqOx8s6vs/sJoqzWzROuoH8bmha1ieZBQKazgRpANKil536yL8aX9I\nLwsHPw0b04upLwanTmixwcvwNTI74Qx2hFeAt9FqAlE4qHC85UkVjPaih79W1p4d\nDrID847KfwJVzNv08NYslGSMOqpf1B1JQWpEL06ZiAzv8rFHoA7Xa0dSiRBcBKPu\nvhwcaoHiiHV+1wjY/Zxoi1+eawSrOmJgIPA+0FEfobKC7nEq/QbuZA1jNwrU8pqI\nNDJBw2QMFR1g9/wbFfpAkYyCXzWdqkOAz92dH2UCQFgh1VxYl2MGOmUoOoiu3RzE\nQPpGdWT4dWDI04bBhfaYjtEOu+bFmBGDcuzi2L2HNzipEqfQuP2yF2AaHXEILNKH\nj+Jh0Of2bpSAsCWFPV2MBNSTEIRBhoPR3oyky6IUN7/IJ56PVLO9y0HIO3um+T/U\nEuKiiVtjPsuUwHHlkYX9DzNQzH7Xj+gOlM6MiFN7QHNaj7YcxCBh2u0IpUWo2ULa\n/HqMV3SquBWoXx7EUU+yVp/GEzUkd4mDWSoInU3xEwJqJkrchVSL4I6RcBUMyvnr\n6u3jF4wi6jXX/p2f3EspDxNnv3bOJIvICO7HxB3mwmWrL1RQIVCGUlqR6oCLH1Yo\nh3so7/siNeyQbyA4aFGIxSsCAwEAAQ==\n-----END PUBLIC KEY-----\n",
            "rsa_bits": 4096
          },
          "sensitive_attributes": [
            [
              {
                "type": "get_attr",
                "value": "private_key_openssh"
              }
            ],
            [
              {
                "type": "get_attr",
                "value": "private_key_pem"
              }
            ],
            [
              {
                "type": "get_attr",
                "value": "private_key_pem_pkcs8"
              }
            ]
          ],
          "create_before_destroy": true
        }
      ]
    },
    {
      "module": "module.linux[0]",
      "mode": "data",
      "type": "aws_availability_zones",
      "name": "available",
      "provider": "provider[\"registry.terraform.io/hashicorp/aws\"]",
      "instances": [
        {
          "schema_version": 0,
          "attributes": {
            "all_availability_zones": null,
            "exclude_names": null,
            "exclude_zone_ids": null,
            "filter": null,
            "group_names": [
              "ap-northeast-1"
            ],
            "id": "ap-northeast-1",
            "names": [
              "ap-northeast-1a",
              "ap-northeast-1c",
              "ap-northeast-1d"
            ],
            "state": null,
            "timeouts": null,
            "zone_ids": [
              "apne1-az4",
              "apne1-az1",
              "apne1-az2"
            ]
          },
          "sensitive_attributes": []
        }
      ]
    },
    {
      "module": "module.linux[0]",
      "mode": "data",
      "type": "template_file",
      "name": "cv_user_data",
      "provider": "provider[\"registry.terraform.io/hashicorp/template\"]",
      "instances": [
        {
          "schema_version": 0,
          "attributes": {
            "filename": null,
            "id": "1f799e9bf52ea1b95a480af73f2ea194176bc5f3f39d12900a951b680f708366",
            "rendered": "#!/bin/bash\r\necho \"run some scripts when boot up\"",
            "template": "#!/bin/bash\r\necho \"run some scripts when boot up\"",
            "vars": null
          },
          "sensitive_attributes": []
        }
      ]
    },
    {
      "module": "module.linux[0]",
      "mode": "managed",
      "type": "aws_autoscaling_group",
      "name": "nginx_linux_asg",
      "provider": "provider[\"registry.terraform.io/hashicorp/aws\"]",
      "instances": [
        {
          "index_key": 0,
          "schema_version": 1,
          "attributes": {
            "arn": "arn:aws:autoscaling:ap-northeast-1:866143014755:autoScalingGroup:9f4c4c4d-1a6d-49da-b82e-a91941a38e59:autoScalingGroupName/nginx.linux.dev.emin-test.com-20250110104854217800000006",
            "availability_zone_distribution": [
              {
                "capacity_distribution_strategy": "balanced-best-effort"
              }
            ],
            "availability_zones": [
              "ap-northeast-1a"
            ],
            "capacity_rebalance": false,
            "context": "",
            "default_cooldown": 300,
            "default_instance_warmup": 0,
            "desired_capacity": 1,
            "desired_capacity_type": "",
            "enabled_metrics": [],
            "force_delete": false,
            "force_delete_warm_pool": false,
            "health_check_grace_period": 300,
            "health_check_type": "EC2",
            "id": "nginx.linux.dev.emin-test.com-20250110104854217800000006",
            "ignore_failed_scaling_activities": false,
            "initial_lifecycle_hook": [],
            "instance_maintenance_policy": [],
            "instance_refresh": [],
            "launch_configuration": "nginx.linux.dev.emin-test.com-20250110104839670300000004",
            "launch_template": [],
            "load_balancers": [
              "nginx-alb"
            ],
            "max_instance_lifetime": 0,
            "max_size": 1,
            "metrics_granularity": "1Minute",
            "min_elb_capacity": null,
            "min_size": 1,
            "mixed_instances_policy": [],
            "name": "nginx.linux.dev.emin-test.com-20250110104854217800000006",
            "name_prefix": "nginx.linux.dev.emin-test.com-",
            "placement_group": "",
            "predicted_capacity": 0,
            "protect_from_scale_in": false,
            "service_linked_role_arn": "arn:aws:iam::866143014755:role/aws-service-role/autoscaling.amazonaws.com/AWSServiceRoleForAutoScaling",
            "suspended_processes": [],
            "tag": [
              {
                "key": "Deployment",
                "propagate_at_launch": true,
                "value": "nginx"
              },
              {
                "key": "Name",
                "propagate_at_launch": true,
                "value": "nginx.linux.dev.emin-test.com"
              },
              {
                "key": "platform",
                "propagate_at_launch": true,
                "value": "linux"
              }
            ],
            "target_group_arns": [],
            "termination_policies": [],
            "timeouts": null,
            "traffic_source": [
              {
                "identifier": "nginx-alb",
                "type": "elb"
              }
            ],
            "vpc_zone_identifier": [
              "subnet-010f3024ea1128c97"
            ],
            "wait_for_capacity_timeout": "10m",
            "wait_for_elb_capacity": null,
            "warm_pool": [],
            "warm_pool_size": 0
          },
          "sensitive_attributes": [],
          "private": "eyJlMmJmYjczMC1lY2FhLTExZTYtOGY4OC0zNDM2M2JjN2M0YzAiOnsiZGVsZXRlIjo2MDAwMDAwMDAwMDAsInVwZGF0ZSI6NjAwMDAwMDAwMDAwfSwic2NoZW1hX3ZlcnNpb24iOiIxIn0=",
          "dependencies": [
            "aws_acm_certificate.cert",
            "aws_iam_instance_profile.nginx_access_profile",
            "aws_iam_role.nginx_access_role",
            "aws_key_pair.nginx_key",
            "aws_subnet.private_subnet",
            "aws_subnet.public_subnet",
            "aws_vpc.main_vpc",
            "data.aws_iam_policy_document.ec2_assume_role",
            "module.linux.aws_elb.nginx",
            "module.linux.aws_launch_configuration.nginx_lc",
            "module.linux.aws_security_group.nginx",
            "module.linux.data.template_file.cv_user_data",
            "tls_private_key.nginx"
          ],
          "create_before_destroy": true
        }
      ]
    },
    {
      "module": "module.linux[0]",
      "mode": "managed",
      "type": "aws_elb",
      "name": "nginx",
      "provider": "provider[\"registry.terraform.io/hashicorp/aws\"]",
      "instances": [
        {
          "schema_version": 0,
          "attributes": {
            "access_logs": [],
            "arn": "arn:aws:elasticloadbalancing:ap-northeast-1:866143014755:loadbalancer/nginx-alb",
            "availability_zones": [
              "ap-northeast-1a"
            ],
            "connection_draining": false,
            "connection_draining_timeout": 300,
            "cross_zone_load_balancing": true,
            "desync_mitigation_mode": "defensive",
            "dns_name": "nginx-alb-1276310099.ap-northeast-1.elb.amazonaws.com",
            "health_check": [
              {
                "healthy_threshold": 2,
                "interval": 30,
                "target": "tcp:80",
                "timeout": 3,
                "unhealthy_threshold": 2
              }
            ],
            "id": "nginx-alb",
            "idle_timeout": 60,
            "instances": [
              "i-0511708b4ecb944b0"
            ],
            "internal": false,
            "listener": [
              {
                "instance_port": 443,
                "instance_protocol": "https",
                "lb_port": 443,
                "lb_protocol": "https",
                "ssl_certificate_id": "arn:aws:acm:ap-northeast-1:866143014755:certificate/ef9ceb42-d07b-4918-8a46-b7a365e22584"
              },
              {
                "instance_port": 80,
                "instance_protocol": "tcp",
                "lb_port": 80,
                "lb_protocol": "tcp",
                "ssl_certificate_id": ""
              }
            ],
            "name": "nginx-alb",
            "name_prefix": "",
            "security_groups": [
              "sg-02f2e32439661d0f8"
            ],
            "source_security_group": "866143014755/terraform-20250110104835872700000002",
            "source_security_group_id": "sg-02f2e32439661d0f8",
            "subnets": [
              "subnet-0922e6a2f04f7df1b"
            ],
            "tags": {
              "Name": "nginx.default.dev.emin-test.com"
            },
            "tags_all": {
              "Name": "nginx.default.dev.emin-test.com"
            },
            "timeouts": null,
            "zone_id": "Z14GRHDCWA56QT"
          },
          "sensitive_attributes": [],
          "private": "eyJlMmJmYjczMC1lY2FhLTExZTYtOGY4OC0zNDM2M2JjN2M0YzAiOnsiY3JlYXRlIjozMDAwMDAwMDAwMDAsInVwZGF0ZSI6MzAwMDAwMDAwMDAwfX0=",
          "dependencies": [
            "aws_acm_certificate.cert",
            "aws_subnet.public_subnet",
            "aws_vpc.main_vpc",
            "module.linux.aws_security_group.nginx"
          ],
          "create_before_destroy": true
        }
      ]
    },
    {
      "module": "module.linux[0]",
      "mode": "managed",
      "type": "aws_launch_configuration",
      "name": "nginx_lc",
      "provider": "provider[\"registry.terraform.io/hashicorp/aws\"]",
      "instances": [
        {
          "schema_version": 0,
          "attributes": {
            "arn": "arn:aws:autoscaling:ap-northeast-1:866143014755:launchConfiguration:ca010b95-bf8b-4c97-b89f-0ccb02700e98:launchConfigurationName/nginx.linux.dev.emin-test.com-20250110104839670300000004",
            "associate_public_ip_address": false,
            "ebs_block_device": [],
            "ebs_optimized": false,
            "enable_monitoring": true,
            "ephemeral_block_device": [],
            "iam_instance_profile": "nginx.default.dev.emin-test.com",
            "id": "nginx.linux.dev.emin-test.com-20250110104839670300000004",
            "image_id": "ami-01d484ad7ed712a3c",
            "instance_type": "t2.micro",
            "key_name": "nginx-key",
            "metadata_options": [],
            "name": "nginx.linux.dev.emin-test.com-20250110104839670300000004",
            "name_prefix": "nginx.linux.dev.emin-test.com-",
            "placement_tenancy": "default",
            "root_block_device": [
              {
                "delete_on_termination": true,
                "encrypted": false,
                "iops": 0,
                "throughput": 0,
                "volume_size": 10,
                "volume_type": "gp2"
              }
            ],
            "security_groups": [
              "sg-02f2e32439661d0f8"
            ],
            "spot_price": "",
            "user_data": "b13030be4f87d0d568ee7a4b8a1a6695fce22300",
            "user_data_base64": null
          },
          "sensitive_attributes": [],
          "private": "bnVsbA==",
          "dependencies": [
            "aws_iam_instance_profile.nginx_access_profile",
            "aws_iam_role.nginx_access_role",
            "aws_key_pair.nginx_key",
            "aws_vpc.main_vpc",
            "data.aws_iam_policy_document.ec2_assume_role",
            "module.linux.aws_security_group.nginx",
            "module.linux.data.template_file.cv_user_data",
            "tls_private_key.nginx"
          ],
          "create_before_destroy": true
        }
      ]
    },
    {
      "module": "module.linux[0]",
      "mode": "managed",
      "type": "aws_proxy_protocol_policy",
      "name": "proxy-policy",
      "provider": "provider[\"registry.terraform.io/hashicorp/aws\"]",
      "instances": [
        {
          "schema_version": 0,
          "attributes": {
            "id": "nginx-alb:TFEnableProxyProtocol",
            "instance_ports": [
              "443"
            ],
            "load_balancer": "nginx-alb"
          },
          "sensitive_attributes": [],
          "private": "bnVsbA==",
          "dependencies": [
            "aws_acm_certificate.cert",
            "aws_subnet.public_subnet",
            "aws_vpc.main_vpc",
            "module.linux.aws_elb.nginx",
            "module.linux.aws_security_group.nginx"
          ]
        }
      ]
    },
    {
      "module": "module.linux[0]",
      "mode": "managed",
      "type": "aws_route53_record",
      "name": "nginx",
      "provider": "provider[\"registry.terraform.io/hashicorp/aws\"]",
      "instances": [
        {
          "schema_version": 2,
          "attributes": {
            "alias": [
              {
                "evaluate_target_health": false,
                "name": "nginx-alb-1276310099.ap-northeast-1.elb.amazonaws.com",
                "zone_id": "Z14GRHDCWA56QT"
              }
            ],
            "allow_overwrite": null,
            "cidr_routing_policy": [],
            "failover_routing_policy": [],
            "fqdn": "nginx.default.dev.emin-test.com",
            "geolocation_routing_policy": [],
            "geoproximity_routing_policy": [],
            "health_check_id": "",
            "id": "Z00059672X9KU2GEQHRAM_nginx.default.dev.emin-test.com_A",
            "latency_routing_policy": [],
            "multivalue_answer_routing_policy": false,
            "name": "nginx.default.dev.emin-test.com",
            "records": [],
            "set_identifier": "",
            "ttl": 0,
            "type": "A",
            "weighted_routing_policy": [],
            "zone_id": "Z00059672X9KU2GEQHRAM"
          },
          "sensitive_attributes": [],
          "private": "eyJzY2hlbWFfdmVyc2lvbiI6IjIifQ==",
          "dependencies": [
            "aws_acm_certificate.cert",
            "aws_subnet.public_subnet",
            "aws_vpc.main_vpc",
            "module.linux.aws_elb.nginx",
            "module.linux.aws_route53_zone.nginx_zone",
            "module.linux.aws_security_group.nginx"
          ]
        }
      ]
    },
    {
      "module": "module.linux[0]",
      "mode": "managed",
      "type": "aws_route53_zone",
      "name": "nginx_zone",
      "provider": "provider[\"registry.terraform.io/hashicorp/aws\"]",
      "instances": [
        {
          "schema_version": 0,
          "attributes": {
            "arn": "arn:aws:route53:::hostedzone/Z00059672X9KU2GEQHRAM",
            "comment": "Managed by Terraform",
            "delegation_set_id": "",
            "force_destroy": false,
            "id": "Z00059672X9KU2GEQHRAM",
            "name": "emin-test.com",
            "name_servers": [
              "ns-1016.awsdns-63.net",
              "ns-1249.awsdns-28.org",
              "ns-1995.awsdns-57.co.uk",
              "ns-283.awsdns-35.com"
            ],
            "primary_name_server": "ns-1995.awsdns-57.co.uk",
            "tags": {},
            "tags_all": {},
            "vpc": [],
            "zone_id": "Z00059672X9KU2GEQHRAM"
          },
          "sensitive_attributes": [],
          "private": "bnVsbA=="
        }
      ]
    },
    {
      "module": "module.linux[0]",
      "mode": "managed",
      "type": "aws_security_group",
      "name": "nginx",
      "provider": "provider[\"registry.terraform.io/hashicorp/aws\"]",
      "instances": [
        {
          "schema_version": 1,
          "attributes": {
            "arn": "arn:aws:ec2:ap-northeast-1:866143014755:security-group/sg-02f2e32439661d0f8",
            "description": "Managed by Terraform",
            "egress": [
              {
                "cidr_blocks": [
                  "0.0.0.0/0"
                ],
                "description": "",
                "from_port": 0,
                "ipv6_cidr_blocks": [],
                "prefix_list_ids": [],
                "protocol": "-1",
                "security_groups": [],
                "self": false,
                "to_port": 0
              }
            ],
            "id": "sg-02f2e32439661d0f8",
            "ingress": [
              {
                "cidr_blocks": [
                  "0.0.0.0/0"
                ],
                "description": "",
                "from_port": 0,
                "ipv6_cidr_blocks": [],
                "prefix_list_ids": [],
                "protocol": "-1",
                "security_groups": [],
                "self": false,
                "to_port": 0
              }
            ],
            "name": "terraform-20250110104835872700000002",
            "name_prefix": "terraform-",
            "owner_id": "866143014755",
            "revoke_rules_on_delete": false,
            "tags": {
              "Deployment": "nginx",
              "Name": "nginx.default.dev.emin-test.com"
            },
            "tags_all": {
              "Deployment": "nginx",
              "Name": "nginx.default.dev.emin-test.com"
            },
            "timeouts": null,
            "vpc_id": "vpc-08bc3ba8fee173e10"
          },
          "sensitive_attributes": [],
          "private": "eyJlMmJmYjczMC1lY2FhLTExZTYtOGY4OC0zNDM2M2JjN2M0YzAiOnsiY3JlYXRlIjo2MDAwMDAwMDAwMDAsImRlbGV0ZSI6OTAwMDAwMDAwMDAwfSwic2NoZW1hX3ZlcnNpb24iOiIxIn0=",
          "dependencies": [
            "aws_vpc.main_vpc"
          ],
          "create_before_destroy": true
        }
      ]
    },
    {
      "module": "module.linux[0]",
      "mode": "managed",
      "type": "aws_subnet",
      "name": "nginx",
      "provider": "provider[\"registry.terraform.io/hashicorp/aws\"]",
      "instances": [
        {
          "index_key": 0,
          "schema_version": 1,
          "attributes": {
            "arn": "arn:aws:ec2:ap-northeast-1:866143014755:subnet/subnet-0372b6ea00ca23daf",
            "assign_ipv6_address_on_creation": false,
            "availability_zone": "ap-northeast-1a",
            "availability_zone_id": "apne1-az4",
            "cidr_block": "10.0.3.0/24",
            "customer_owned_ipv4_pool": "",
            "enable_dns64": false,
            "enable_lni_at_device_index": 0,
            "enable_resource_name_dns_a_record_on_launch": false,
            "enable_resource_name_dns_aaaa_record_on_launch": false,
            "id": "subnet-0372b6ea00ca23daf",
            "ipv6_cidr_block": "",
            "ipv6_cidr_block_association_id": "",
            "ipv6_native": false,
            "map_customer_owned_ip_on_launch": false,
            "map_public_ip_on_launch": true,
            "outpost_arn": "",
            "owner_id": "866143014755",
            "private_dns_hostname_type_on_launch": "ip-name",
            "tags": {
              "Deployment": "nginx",
              "Name": "22222-0"
            },
            "tags_all": {
              "Deployment": "nginx",
              "Name": "22222-0"
            },
            "timeouts": null,
            "vpc_id": "vpc-08bc3ba8fee173e10"
          },
          "sensitive_attributes": [],
          "private": "eyJlMmJmYjczMC1lY2FhLTExZTYtOGY4OC0zNDM2M2JjN2M0YzAiOnsiY3JlYXRlIjo2MDAwMDAwMDAwMDAsImRlbGV0ZSI6MTIwMDAwMDAwMDAwMH0sInNjaGVtYV92ZXJzaW9uIjoiMSJ9",
          "dependencies": [
            "aws_vpc.main_vpc",
            "module.linux.data.aws_availability_zones.available"
          ]
        },
        {
          "index_key": 1,
          "schema_version": 1,
          "attributes": {
            "arn": "arn:aws:ec2:ap-northeast-1:866143014755:subnet/subnet-09a4fb64a1cb2e213",
            "assign_ipv6_address_on_creation": false,
            "availability_zone": "ap-northeast-1c",
            "availability_zone_id": "apne1-az1",
            "cidr_block": "10.0.4.0/24",
            "customer_owned_ipv4_pool": "",
            "enable_dns64": false,
            "enable_lni_at_device_index": 0,
            "enable_resource_name_dns_a_record_on_launch": false,
            "enable_resource_name_dns_aaaa_record_on_launch": false,
            "id": "subnet-09a4fb64a1cb2e213",
            "ipv6_cidr_block": "",
            "ipv6_cidr_block_association_id": "",
            "ipv6_native": false,
            "map_customer_owned_ip_on_launch": false,
            "map_public_ip_on_launch": false,
            "outpost_arn": "",
            "owner_id": "866143014755",
            "private_dns_hostname_type_on_launch": "ip-name",
            "tags": {
              "Deployment": "nginx",
              "Name": "22222-1"
            },
            "tags_all": {
              "Deployment": "nginx",
              "Name": "22222-1"
            },
            "timeouts": null,
            "vpc_id": "vpc-08bc3ba8fee173e10"
          },
          "sensitive_attributes": [],
          "private": "eyJlMmJmYjczMC1lY2FhLTExZTYtOGY4OC0zNDM2M2JjN2M0YzAiOnsiY3JlYXRlIjo2MDAwMDAwMDAwMDAsImRlbGV0ZSI6MTIwMDAwMDAwMDAwMH0sInNjaGVtYV92ZXJzaW9uIjoiMSJ9",
          "dependencies": [
            "aws_vpc.main_vpc",
            "module.linux.data.aws_availability_zones.available"
          ]
        },
        {
          "index_key": 2,
          "schema_version": 1,
          "attributes": {
            "arn": "arn:aws:ec2:ap-northeast-1:866143014755:subnet/subnet-046557058cb302359",
            "assign_ipv6_address_on_creation": false,
            "availability_zone": "ap-northeast-1d",
            "availability_zone_id": "apne1-az2",
            "cidr_block": "10.0.5.0/24",
            "customer_owned_ipv4_pool": "",
            "enable_dns64": false,
            "enable_lni_at_device_index": 0,
            "enable_resource_name_dns_a_record_on_launch": false,
            "enable_resource_name_dns_aaaa_record_on_launch": false,
            "id": "subnet-046557058cb302359",
            "ipv6_cidr_block": "",
            "ipv6_cidr_block_association_id": "",
            "ipv6_native": false,
            "map_customer_owned_ip_on_launch": false,
            "map_public_ip_on_launch": false,
            "outpost_arn": "",
            "owner_id": "866143014755",
            "private_dns_hostname_type_on_launch": "ip-name",
            "tags": {
              "Deployment": "nginx",
              "Name": "22222-2"
            },
            "tags_all": {
              "Deployment": "nginx",
              "Name": "22222-2"
            },
            "timeouts": null,
            "vpc_id": "vpc-08bc3ba8fee173e10"
          },
          "sensitive_attributes": [],
          "private": "eyJlMmJmYjczMC1lY2FhLTExZTYtOGY4OC0zNDM2M2JjN2M0YzAiOnsiY3JlYXRlIjo2MDAwMDAwMDAwMDAsImRlbGV0ZSI6MTIwMDAwMDAwMDAwMH0sInNjaGVtYV92ZXJzaW9uIjoiMSJ9",
          "dependencies": [
            "aws_vpc.main_vpc",
            "module.linux.data.aws_availability_zones.available"
          ]
        }
      ]
    }
  ],
  "check_results": null
}
